// !$*UTF8*$!
{
	archiveVersion = 1;
	classes = {
	};
	objectVersion = 46;
	objects = {

/* Begin PBXBuildFile section */
		0401B31218EE486200049C05 /* BQSplashWindowController.m in Sources */ = {isa = PBXBuildFile; fileRef = 0401B31118EE486200049C05 /* BQSplashWindowController.m */; };
		0407F76818FBBFBD001DE7C3 /* BQIphoneServerSettingController.m in Sources */ = {isa = PBXBuildFile; fileRef = 0407F76718FBBFBC001DE7C3 /* BQIphoneServerSettingController.m */; };
		0407F76B18FBBFDD001DE7C3 /* BQIphoneServerSettingView.m in Sources */ = {isa = PBXBuildFile; fileRef = 0407F76A18FBBFDD001DE7C3 /* BQIphoneServerSettingView.m */; };
		0407F76D18FBD41F001DE7C3 /* BQLayoutSetting.m in Sources */ = {isa = PBXBuildFile; fileRef = 0407F76C18FBD41F001DE7C3 /* BQLayoutSetting.m */; };
		042D214218E31E3100E4354C /* BQTableViewController.m in Sources */ = {isa = PBXBuildFile; fileRef = 042D214118E31E3100E4354C /* BQTableViewController.m */; };
		042D214818E31EC200E4354C /* TableViewItem.m in Sources */ = {isa = PBXBuildFile; fileRef = 042D214518E31EC200E4354C /* TableViewItem.m */; };
		042D214918E31EC200E4354C /* TableViewSection.m in Sources */ = {isa = PBXBuildFile; fileRef = 042D214718E31EC200E4354C /* TableViewSection.m */; };
		042D214C18E31EEC00E4354C /* Color.m in Sources */ = {isa = PBXBuildFile; fileRef = 042D214B18E31EEC00E4354C /* Color.m */; };
		043DF85818F38DA200297627 /* BQButtonSwitch.m in Sources */ = {isa = PBXBuildFile; fileRef = 043DF85718F38DA200297627 /* BQButtonSwitch.m */; };
		043DF85D18F3CF1D00297627 /* BQImageTextView.m in Sources */ = {isa = PBXBuildFile; fileRef = 043DF85C18F3CF1D00297627 /* BQImageTextView.m */; };
		043DF86018F4B7A000297627 /* BQIphoneSystemSettingDataSource.m in Sources */ = {isa = PBXBuildFile; fileRef = 043DF85F18F4B7A000297627 /* BQIphoneSystemSettingDataSource.m */; };
		045B373518F7BE6800640C92 /* BQIphoneMenuDataSource.m in Sources */ = {isa = PBXBuildFile; fileRef = 045B373418F7BE6800640C92 /* BQIphoneMenuDataSource.m */; };
		045B373818F7D87A00640C92 /* BQMobileResource.m in Sources */ = {isa = PBXBuildFile; fileRef = 045B373718F7D87A00640C92 /* BQMobileResource.m */; };
		0476D80E18F6B4D60038A4FD /* BQIphoneLoadingController.m in Sources */ = {isa = PBXBuildFile; fileRef = 0476D80D18F6B4D60038A4FD /* BQIphoneLoadingController.m */; };
		04952E4118EA8B180068436C /* BQIpadSystemSettingView.m in Sources */ = {isa = PBXBuildFile; fileRef = 04952E4018EA8B180068436C /* BQIpadSystemSettingView.m */; };
		04952E4718EA99F80068436C /* BQTableViewDataModel.m in Sources */ = {isa = PBXBuildFile; fileRef = 04952E4618EA99F80068436C /* BQTableViewDataModel.m */; };
		04952E4D18EAB2460068436C /* BQIphoneLoginView.m in Sources */ = {isa = PBXBuildFile; fileRef = 04952E4C18EAB2460068436C /* BQIphoneLoginView.m */; };
		04952E5018EAB2A90068436C /* BQIphoneLoginController.m in Sources */ = {isa = PBXBuildFile; fileRef = 04952E4F18EAB2A90068436C /* BQIphoneLoginController.m */; };
		04952E5318EAB3410068436C /* BQIphoneFrameController.m in Sources */ = {isa = PBXBuildFile; fileRef = 04952E5218EAB3410068436C /* BQIphoneFrameController.m */; };
		04952E5618EAB3A40068436C /* BQIphoneHomeController.m in Sources */ = {isa = PBXBuildFile; fileRef = 04952E5518EAB3A40068436C /* BQIphoneHomeController.m */; };
		04952E5918EAB4360068436C /* BQIphoneMenuController.m in Sources */ = {isa = PBXBuildFile; fileRef = 04952E5818EAB4360068436C /* BQIphoneMenuController.m */; };
		04952E5C18EAB50B0068436C /* BQIphoneAnalysisTopicController.m in Sources */ = {isa = PBXBuildFile; fileRef = 04952E5B18EAB50B0068436C /* BQIphoneAnalysisTopicController.m */; };
		04952E5F18EAB52B0068436C /* BQIphoneAnalysisTopicView.m in Sources */ = {isa = PBXBuildFile; fileRef = 04952E5E18EAB52B0068436C /* BQIphoneAnalysisTopicView.m */; };
		04952E6218EAB5BC0068436C /* BQIphoneSystemSettingController.m in Sources */ = {isa = PBXBuildFile; fileRef = 04952E6118EAB5BC0068436C /* BQIphoneSystemSettingController.m */; };
		04952E6518EAB5DE0068436C /* BQIphoneSystemSettingView.m in Sources */ = {isa = PBXBuildFile; fileRef = 04952E6418EAB5DE0068436C /* BQIphoneSystemSettingView.m */; };
		04B39B3C18F58072002C3934 /* BQIphoneSystemSettingItem.m in Sources */ = {isa = PBXBuildFile; fileRef = 04B39B3B18F58072002C3934 /* BQIphoneSystemSettingItem.m */; };
		04B39B3F18F66FB2002C3934 /* IphoneResource.bundle in Resources */ = {isa = PBXBuildFile; fileRef = 04B39B3E18F66FB2002C3934 /* IphoneResource.bundle */; };
		7606CEE418E90B150087EC33 /* BQComponentFactory.m in Sources */ = {isa = PBXBuildFile; fileRef = 7606CEE318E90B150087EC33 /* BQComponentFactory.m */; };
		7606CEE818E918BF0087EC33 /* Component.bundle in Resources */ = {isa = PBXBuildFile; fileRef = 7606CEE718E918BF0087EC33 /* Component.bundle */; };
		7615ECB518B346FF00F1E344 /* libBQDashboard.a in Frameworks */ = {isa = PBXBuildFile; fileRef = 7615ECB418B346FF00F1E344 /* libBQDashboard.a */; };
		76234A6418C3851900FE3894 /* application.cfg in Resources */ = {isa = PBXBuildFile; fileRef = 76234A6318C3851900FE3894 /* application.cfg */; };
		762D153518EA597100A00570 /* BQIpadAnalysisTopicController.m in Sources */ = {isa = PBXBuildFile; fileRef = 762D151E18EA597100A00570 /* BQIpadAnalysisTopicController.m */; };
		762D153618EA597100A00570 /* BQIpadAnalysisTopicView.m in Sources */ = {isa = PBXBuildFile; fileRef = 762D152018EA597100A00570 /* BQIpadAnalysisTopicView.m */; };
		762D153718EA597100A00570 /* BQIpadCommonPanelController.m in Sources */ = {isa = PBXBuildFile; fileRef = 762D152218EA597100A00570 /* BQIpadCommonPanelController.m */; };
		762D153818EA597100A00570 /* BQIpadFunctionController.m in Sources */ = {isa = PBXBuildFile; fileRef = 762D152418EA597100A00570 /* BQIpadFunctionController.m */; };
		762D153918EA597100A00570 /* BQIpadHomeController.m in Sources */ = {isa = PBXBuildFile; fileRef = 762D152618EA597100A00570 /* BQIpadHomeController.m */; };
		762D153A18EA597100A00570 /* BQIpadFrameController.m in Sources */ = {isa = PBXBuildFile; fileRef = 762D152818EA597100A00570 /* BQIpadFrameController.m */; };
		762D153B18EA597100A00570 /* BQIpadLeftSideMenuModel.m in Sources */ = {isa = PBXBuildFile; fileRef = 762D152A18EA597100A00570 /* BQIpadLeftSideMenuModel.m */; };
		762D153C18EA597100A00570 /* BQIpadLoginController.m in Sources */ = {isa = PBXBuildFile; fileRef = 762D152C18EA597100A00570 /* BQIpadLoginController.m */; };
		762D153D18EA597100A00570 /* BQIpadLoginView.m in Sources */ = {isa = PBXBuildFile; fileRef = 762D152E18EA597100A00570 /* BQIpadLoginView.m */; };
		762D153E18EA597100A00570 /* BQIpadLeftSideMenuController.m in Sources */ = {isa = PBXBuildFile; fileRef = 762D153018EA597100A00570 /* BQIpadLeftSideMenuController.m */; };
		762D153F18EA597100A00570 /* BQIpadSystemSettingController.m in Sources */ = {isa = PBXBuildFile; fileRef = 762D153218EA597100A00570 /* BQIpadSystemSettingController.m */; };
		76315D5718E0027A00199AFD /* CFNetwork.framework in Frameworks */ = {isa = PBXBuildFile; fileRef = 76315D5618E0027A00199AFD /* CFNetwork.framework */; };
		76315D5918E0028E00199AFD /* MobileCoreServices.framework in Frameworks */ = {isa = PBXBuildFile; fileRef = 76315D5818E0028E00199AFD /* MobileCoreServices.framework */; };
		76315D5B18E0029A00199AFD /* SystemConfiguration.framework in Frameworks */ = {isa = PBXBuildFile; fileRef = 76315D5A18E0029A00199AFD /* SystemConfiguration.framework */; };
		76315D5F18E002B700199AFD /* libz.dylib in Frameworks */ = {isa = PBXBuildFile; fileRef = 76315D5E18E002B700199AFD /* libz.dylib */; };
		764B7E9F18F4E36E00696A5F /* NavigationBarButton.m in Sources */ = {isa = PBXBuildFile; fileRef = 764B7E9918F4E36E00696A5F /* NavigationBarButton.m */; };
		764B7EA018F4E36E00696A5F /* MSSlidingPanelController.m in Sources */ = {isa = PBXBuildFile; fileRef = 764B7E9C18F4E36E00696A5F /* MSSlidingPanelController.m */; };
		764B7EA118F4E36E00696A5F /* MSViewControllerSlidingPanel.m in Sources */ = {isa = PBXBuildFile; fileRef = 764B7E9E18F4E36E00696A5F /* MSViewControllerSlidingPanel.m */; };
		764B7EAE18F4E48B00696A5F /* BQCOMCompositionResolver.m in Sources */ = {isa = PBXBuildFile; fileRef = 764B7EAD18F4E48B00696A5F /* BQCOMCompositionResolver.m */; };
		764B7EB718F54CBB00696A5F /* BQComponentResolver.m in Sources */ = {isa = PBXBuildFile; fileRef = 764B7EB618F54CBB00696A5F /* BQComponentResolver.m */; };
		768DD41218F038A900A8AE61 /* libxml2.dylib in Frameworks */ = {isa = PBXBuildFile; fileRef = 76315D5C18E002AD00199AFD /* libxml2.dylib */; };
		76AC1E2218C279980063ED32 /* BQLoginController.m in Sources */ = {isa = PBXBuildFile; fileRef = 76AC1E2118C279980063ED32 /* BQLoginController.m */; };
		76B07C3F18D92C30000FA58B /* BQCommonUI.m in Sources */ = {isa = PBXBuildFile; fileRef = 76B07C3E18D92C30000FA58B /* BQCommonUI.m */; };
		76B07C4218D93EA4000FA58B /* BQLoadView.m in Sources */ = {isa = PBXBuildFile; fileRef = 76B07C4118D93EA4000FA58B /* BQLoadView.m */; };
		76B0E2FC18C2DEAA00C5C219 /* Style.bundle in Resources */ = {isa = PBXBuildFile; fileRef = 76B0E2FA18C2DEAA00C5C219 /* Style.bundle */; };
		76B0E2FD18C2DEAA00C5C219 /* UFExpress.bundle in Resources */ = {isa = PBXBuildFile; fileRef = 76B0E2FB18C2DEAA00C5C219 /* UFExpress.bundle */; };
		76B0E30618C2F24400C5C219 /* BQNavigationController.m in Sources */ = {isa = PBXBuildFile; fileRef = 76B0E30518C2F24400C5C219 /* BQNavigationController.m */; };
		76B0F8FD18EE1DE3001FB42D /* Demo.bundle in Resources */ = {isa = PBXBuildFile; fileRef = 76B0F8FC18EE1DE3001FB42D /* Demo.bundle */; };
		76CD375018EF82AE0028F425 /* BQComponentPlugin.m in Sources */ = {isa = PBXBuildFile; fileRef = 76CD374F18EF82AE0028F425 /* BQComponentPlugin.m */; };
		76D99E7418B33643004A9055 /* Foundation.framework in Frameworks */ = {isa = PBXBuildFile; fileRef = 76D99E7318B33643004A9055 /* Foundation.framework */; };
		76D99E7618B33643004A9055 /* CoreGraphics.framework in Frameworks */ = {isa = PBXBuildFile; fileRef = 76D99E7518B33643004A9055 /* CoreGraphics.framework */; };
		76D99E7818B33643004A9055 /* UIKit.framework in Frameworks */ = {isa = PBXBuildFile; fileRef = 76D99E7718B33643004A9055 /* UIKit.framework */; };
		76D99E7E18B33643004A9055 /* InfoPlist.strings in Resources */ = {isa = PBXBuildFile; fileRef = 76D99E7C18B33643004A9055 /* InfoPlist.strings */; };
		76D99E8018B33643004A9055 /* main.m in Sources */ = {isa = PBXBuildFile; fileRef = 76D99E7F18B33643004A9055 /* main.m */; };
		76D99E8418B33643004A9055 /* BQAppDelegate.m in Sources */ = {isa = PBXBuildFile; fileRef = 76D99E8318B33643004A9055 /* BQAppDelegate.m */; };
		76D99E8618B33643004A9055 /* Images.xcassets in Resources */ = {isa = PBXBuildFile; fileRef = 76D99E8518B33643004A9055 /* Images.xcassets */; };
		76D99E8D18B33643004A9055 /* XCTest.framework in Frameworks */ = {isa = PBXBuildFile; fileRef = 76D99E8C18B33643004A9055 /* XCTest.framework */; };
		76D99E8E18B33643004A9055 /* Foundation.framework in Frameworks */ = {isa = PBXBuildFile; fileRef = 76D99E7318B33643004A9055 /* Foundation.framework */; };
		76D99E8F18B33643004A9055 /* UIKit.framework in Frameworks */ = {isa = PBXBuildFile; fileRef = 76D99E7718B33643004A9055 /* UIKit.framework */; };
		76D99E9718B33644004A9055 /* InfoPlist.strings in Resources */ = {isa = PBXBuildFile; fileRef = 76D99E9518B33644004A9055 /* InfoPlist.strings */; };
		76D99E9918B33644004A9055 /* BQMobileTests.m in Sources */ = {isa = PBXBuildFile; fileRef = 76D99E9818B33644004A9055 /* BQMobileTests.m */; };
		76D99F1018B33757004A9055 /* libBQCore.a in Frameworks */ = {isa = PBXBuildFile; fileRef = 76D99F0F18B33757004A9055 /* libBQCore.a */; };
		76F284CF18E666BF00976CF6 /* BQComponentView.m in Sources */ = {isa = PBXBuildFile; fileRef = 76F284CE18E666BF00976CF6 /* BQComponentView.m */; };
		76F284ED18E7F67400976CF6 /* BQTemplateResolver.m in Sources */ = {isa = PBXBuildFile; fileRef = 76F284EC18E7F67400976CF6 /* BQTemplateResolver.m */; };
		76FDF71918E3C0DF004598D3 /* BQAlertView.m in Sources */ = {isa = PBXBuildFile; fileRef = 76FDF71818E3C0DF004598D3 /* BQAlertView.m */; };
		76FDF71F18E40A58004598D3 /* BQView.m in Sources */ = {isa = PBXBuildFile; fileRef = 76FDF71E18E40A58004598D3 /* BQView.m */; };
/* End PBXBuildFile section */

/* Begin PBXContainerItemProxy section */
		76D99E9018B33644004A9055 /* PBXContainerItemProxy */ = {
			isa = PBXContainerItemProxy;
			containerPortal = 76D99E6818B33643004A9055 /* Project object */;
			proxyType = 1;
			remoteGlobalIDString = 76D99E6F18B33643004A9055;
			remoteInfo = BQMobile;
		};
/* End PBXContainerItemProxy section */

/* Begin PBXFileReference section */
		0401B31018EE486200049C05 /* BQSplashWindowController.h */ = {isa = PBXFileReference; fileEncoding = 4; lastKnownFileType = sourcecode.c.h; name = BQSplashWindowController.h; path = ../device/BQSplashWindowController.h; sourceTree = "<group>"; };
		0401B31118EE486200049C05 /* BQSplashWindowController.m */ = {isa = PBXFileReference; fileEncoding = 4; lastKnownFileType = sourcecode.c.objc; name = BQSplashWindowController.m; path = ../device/BQSplashWindowController.m; sourceTree = "<group>"; };
		0407F75718FBB9D0001DE7C3 /* BQContext.h */ = {isa = PBXFileReference; fileEncoding = 4; lastKnownFileType = sourcecode.c.h; path = BQContext.h; sourceTree = "<group>"; };
		0407F75818FBB9D0001DE7C3 /* BQCore.h */ = {isa = PBXFileReference; fileEncoding = 4; lastKnownFileType = sourcecode.c.h; path = BQCore.h; sourceTree = "<group>"; };
		0407F75918FBB9D0001DE7C3 /* BQFileReader.h */ = {isa = PBXFileReference; fileEncoding = 4; lastKnownFileType = sourcecode.c.h; path = BQFileReader.h; sourceTree = "<group>"; };
		0407F75A18FBB9D0001DE7C3 /* BQServerAccess.h */ = {isa = PBXFileReference; fileEncoding = 4; lastKnownFileType = sourcecode.c.h; path = BQServerAccess.h; sourceTree = "<group>"; };
		0407F75B18FBB9D0001DE7C3 /* BQViewOperateModel.h */ = {isa = PBXFileReference; fileEncoding = 4; lastKnownFileType = sourcecode.c.h; path = BQViewOperateModel.h; sourceTree = "<group>"; };
		0407F75C18FBB9D0001DE7C3 /* Common.h */ = {isa = PBXFileReference; fileEncoding = 4; lastKnownFileType = sourcecode.c.h; path = Common.h; sourceTree = "<group>"; };
		0407F75E18FBB9D0001DE7C3 /* ElUtils.h */ = {isa = PBXFileReference; fileEncoding = 4; lastKnownFileType = sourcecode.c.h; path = ElUtils.h; sourceTree = "<group>"; };
		0407F75F18FBB9D0001DE7C3 /* FSUtils.h */ = {isa = PBXFileReference; fileEncoding = 4; lastKnownFileType = sourcecode.c.h; path = FSUtils.h; sourceTree = "<group>"; };
		0407F76018FBB9D0001DE7C3 /* GDataXMLNode.h */ = {isa = PBXFileReference; fileEncoding = 4; lastKnownFileType = sourcecode.c.h; path = GDataXMLNode.h; sourceTree = "<group>"; };
		0407F76118FBB9D0001DE7C3 /* PropertyUtils.h */ = {isa = PBXFileReference; fileEncoding = 4; lastKnownFileType = sourcecode.c.h; path = PropertyUtils.h; sourceTree = "<group>"; };
		0407F76218FBB9D0001DE7C3 /* WebUtils.h */ = {isa = PBXFileReference; fileEncoding = 4; lastKnownFileType = sourcecode.c.h; path = WebUtils.h; sourceTree = "<group>"; };
		0407F76318FBB9D0001DE7C3 /* XMLUtils.h */ = {isa = PBXFileReference; fileEncoding = 4; lastKnownFileType = sourcecode.c.h; path = XMLUtils.h; sourceTree = "<group>"; };
		0407F76518FBB9D0001DE7C3 /* BQDashboard.h */ = {isa = PBXFileReference; fileEncoding = 4; lastKnownFileType = sourcecode.c.h; path = BQDashboard.h; sourceTree = "<group>"; };
		0407F76618FBBFBC001DE7C3 /* BQIphoneServerSettingController.h */ = {isa = PBXFileReference; fileEncoding = 4; lastKnownFileType = sourcecode.c.h; path = BQIphoneServerSettingController.h; sourceTree = "<group>"; };
		0407F76718FBBFBC001DE7C3 /* BQIphoneServerSettingController.m */ = {isa = PBXFileReference; fileEncoding = 4; lastKnownFileType = sourcecode.c.objc; path = BQIphoneServerSettingController.m; sourceTree = "<group>"; };
		0407F76918FBBFDD001DE7C3 /* BQIphoneServerSettingView.h */ = {isa = PBXFileReference; fileEncoding = 4; lastKnownFileType = sourcecode.c.h; path = BQIphoneServerSettingView.h; sourceTree = "<group>"; };
		0407F76A18FBBFDD001DE7C3 /* BQIphoneServerSettingView.m */ = {isa = PBXFileReference; fileEncoding = 4; lastKnownFileType = sourcecode.c.objc; path = BQIphoneServerSettingView.m; sourceTree = "<group>"; };
		0407F76C18FBD41F001DE7C3 /* BQLayoutSetting.m */ = {isa = PBXFileReference; fileEncoding = 4; lastKnownFileType = sourcecode.c.objc; path = BQLayoutSetting.m; sourceTree = "<group>"; };
		042D214018E31E3100E4354C /* BQTableViewController.h */ = {isa = PBXFileReference; fileEncoding = 4; lastKnownFileType = sourcecode.c.h; path = BQTableViewController.h; sourceTree = "<group>"; };
		042D214118E31E3100E4354C /* BQTableViewController.m */ = {isa = PBXFileReference; fileEncoding = 4; lastKnownFileType = sourcecode.c.objc; path = BQTableViewController.m; sourceTree = "<group>"; };
		042D214318E31E6C00E4354C /* BQDelegateFamily.h */ = {isa = PBXFileReference; fileEncoding = 4; lastKnownFileType = sourcecode.c.h; path = BQDelegateFamily.h; sourceTree = "<group>"; };
		042D214418E31EC200E4354C /* TableViewItem.h */ = {isa = PBXFileReference; fileEncoding = 4; lastKnownFileType = sourcecode.c.h; path = TableViewItem.h; sourceTree = "<group>"; };
		042D214518E31EC200E4354C /* TableViewItem.m */ = {isa = PBXFileReference; fileEncoding = 4; lastKnownFileType = sourcecode.c.objc; path = TableViewItem.m; sourceTree = "<group>"; };
		042D214618E31EC200E4354C /* TableViewSection.h */ = {isa = PBXFileReference; fileEncoding = 4; lastKnownFileType = sourcecode.c.h; path = TableViewSection.h; sourceTree = "<group>"; };
		042D214718E31EC200E4354C /* TableViewSection.m */ = {isa = PBXFileReference; fileEncoding = 4; lastKnownFileType = sourcecode.c.objc; path = TableViewSection.m; sourceTree = "<group>"; };
		042D214A18E31EEC00E4354C /* Color.h */ = {isa = PBXFileReference; fileEncoding = 4; lastKnownFileType = sourcecode.c.h; path = Color.h; sourceTree = "<group>"; };
		042D214B18E31EEC00E4354C /* Color.m */ = {isa = PBXFileReference; fileEncoding = 4; lastKnownFileType = sourcecode.c.objc; path = Color.m; sourceTree = "<group>"; };
		043DF85618F38DA200297627 /* BQButtonSwitch.h */ = {isa = PBXFileReference; fileEncoding = 4; lastKnownFileType = sourcecode.c.h; path = BQButtonSwitch.h; sourceTree = "<group>"; };
		043DF85718F38DA200297627 /* BQButtonSwitch.m */ = {isa = PBXFileReference; fileEncoding = 4; lastKnownFileType = sourcecode.c.objc; path = BQButtonSwitch.m; sourceTree = "<group>"; };
		043DF85A18F39F5800297627 /* BQLayoutSetting.h */ = {isa = PBXFileReference; fileEncoding = 4; lastKnownFileType = sourcecode.c.h; path = BQLayoutSetting.h; sourceTree = "<group>"; };
		043DF85B18F3CF1D00297627 /* BQImageTextView.h */ = {isa = PBXFileReference; fileEncoding = 4; lastKnownFileType = sourcecode.c.h; path = BQImageTextView.h; sourceTree = "<group>"; };
		043DF85C18F3CF1D00297627 /* BQImageTextView.m */ = {isa = PBXFileReference; fileEncoding = 4; lastKnownFileType = sourcecode.c.objc; path = BQImageTextView.m; sourceTree = "<group>"; };
		043DF85E18F4B7A000297627 /* BQIphoneSystemSettingDataSource.h */ = {isa = PBXFileReference; fileEncoding = 4; lastKnownFileType = sourcecode.c.h; path = BQIphoneSystemSettingDataSource.h; sourceTree = "<group>"; };
		043DF85F18F4B7A000297627 /* BQIphoneSystemSettingDataSource.m */ = {isa = PBXFileReference; fileEncoding = 4; lastKnownFileType = sourcecode.c.objc; path = BQIphoneSystemSettingDataSource.m; sourceTree = "<group>"; };
		045B373318F7BE6800640C92 /* BQIphoneMenuDataSource.h */ = {isa = PBXFileReference; fileEncoding = 4; lastKnownFileType = sourcecode.c.h; path = BQIphoneMenuDataSource.h; sourceTree = "<group>"; };
		045B373418F7BE6800640C92 /* BQIphoneMenuDataSource.m */ = {isa = PBXFileReference; fileEncoding = 4; lastKnownFileType = sourcecode.c.objc; path = BQIphoneMenuDataSource.m; sourceTree = "<group>"; };
		045B373618F7D87A00640C92 /* BQMobileResource.h */ = {isa = PBXFileReference; fileEncoding = 4; lastKnownFileType = sourcecode.c.h; path = BQMobileResource.h; sourceTree = "<group>"; };
		045B373718F7D87A00640C92 /* BQMobileResource.m */ = {isa = PBXFileReference; fileEncoding = 4; lastKnownFileType = sourcecode.c.objc; path = BQMobileResource.m; sourceTree = "<group>"; };
		0476D80C18F6B4D60038A4FD /* BQIphoneLoadingController.h */ = {isa = PBXFileReference; fileEncoding = 4; lastKnownFileType = sourcecode.c.h; path = BQIphoneLoadingController.h; sourceTree = "<group>"; };
		0476D80D18F6B4D60038A4FD /* BQIphoneLoadingController.m */ = {isa = PBXFileReference; fileEncoding = 4; lastKnownFileType = sourcecode.c.objc; path = BQIphoneLoadingController.m; sourceTree = "<group>"; };
		04952E3F18EA8B180068436C /* BQIpadSystemSettingView.h */ = {isa = PBXFileReference; fileEncoding = 4; lastKnownFileType = sourcecode.c.h; path = BQIpadSystemSettingView.h; sourceTree = "<group>"; };
		04952E4018EA8B180068436C /* BQIpadSystemSettingView.m */ = {isa = PBXFileReference; fileEncoding = 4; lastKnownFileType = sourcecode.c.objc; path = BQIpadSystemSettingView.m; sourceTree = "<group>"; };
		04952E4518EA99F80068436C /* BQTableViewDataModel.h */ = {isa = PBXFileReference; fileEncoding = 4; lastKnownFileType = sourcecode.c.h; path = BQTableViewDataModel.h; sourceTree = "<group>"; };
		04952E4618EA99F80068436C /* BQTableViewDataModel.m */ = {isa = PBXFileReference; fileEncoding = 4; lastKnownFileType = sourcecode.c.objc; path = BQTableViewDataModel.m; sourceTree = "<group>"; };
		04952E4B18EAB2460068436C /* BQIphoneLoginView.h */ = {isa = PBXFileReference; fileEncoding = 4; lastKnownFileType = sourcecode.c.h; path = BQIphoneLoginView.h; sourceTree = "<group>"; };
		04952E4C18EAB2460068436C /* BQIphoneLoginView.m */ = {isa = PBXFileReference; fileEncoding = 4; lastKnownFileType = sourcecode.c.objc; path = BQIphoneLoginView.m; sourceTree = "<group>"; };
		04952E4E18EAB2A90068436C /* BQIphoneLoginController.h */ = {isa = PBXFileReference; fileEncoding = 4; lastKnownFileType = sourcecode.c.h; path = BQIphoneLoginController.h; sourceTree = "<group>"; };
		04952E4F18EAB2A90068436C /* BQIphoneLoginController.m */ = {isa = PBXFileReference; fileEncoding = 4; lastKnownFileType = sourcecode.c.objc; path = BQIphoneLoginController.m; sourceTree = "<group>"; };
		04952E5118EAB3410068436C /* BQIphoneFrameController.h */ = {isa = PBXFileReference; fileEncoding = 4; lastKnownFileType = sourcecode.c.h; path = BQIphoneFrameController.h; sourceTree = "<group>"; };
		04952E5218EAB3410068436C /* BQIphoneFrameController.m */ = {isa = PBXFileReference; fileEncoding = 4; lastKnownFileType = sourcecode.c.objc; path = BQIphoneFrameController.m; sourceTree = "<group>"; };
		04952E5418EAB3A40068436C /* BQIphoneHomeController.h */ = {isa = PBXFileReference; fileEncoding = 4; lastKnownFileType = sourcecode.c.h; path = BQIphoneHomeController.h; sourceTree = "<group>"; };
		04952E5518EAB3A40068436C /* BQIphoneHomeController.m */ = {isa = PBXFileReference; fileEncoding = 4; lastKnownFileType = sourcecode.c.objc; path = BQIphoneHomeController.m; sourceTree = "<group>"; };
		04952E5718EAB4360068436C /* BQIphoneMenuController.h */ = {isa = PBXFileReference; fileEncoding = 4; lastKnownFileType = sourcecode.c.h; path = BQIphoneMenuController.h; sourceTree = "<group>"; };
		04952E5818EAB4360068436C /* BQIphoneMenuController.m */ = {isa = PBXFileReference; fileEncoding = 4; lastKnownFileType = sourcecode.c.objc; path = BQIphoneMenuController.m; sourceTree = "<group>"; };
		04952E5A18EAB50B0068436C /* BQIphoneAnalysisTopicController.h */ = {isa = PBXFileReference; fileEncoding = 4; lastKnownFileType = sourcecode.c.h; path = BQIphoneAnalysisTopicController.h; sourceTree = "<group>"; };
		04952E5B18EAB50B0068436C /* BQIphoneAnalysisTopicController.m */ = {isa = PBXFileReference; fileEncoding = 4; lastKnownFileType = sourcecode.c.objc; path = BQIphoneAnalysisTopicController.m; sourceTree = "<group>"; };
		04952E5D18EAB52B0068436C /* BQIphoneAnalysisTopicView.h */ = {isa = PBXFileReference; fileEncoding = 4; lastKnownFileType = sourcecode.c.h; path = BQIphoneAnalysisTopicView.h; sourceTree = "<group>"; };
		04952E5E18EAB52B0068436C /* BQIphoneAnalysisTopicView.m */ = {isa = PBXFileReference; fileEncoding = 4; lastKnownFileType = sourcecode.c.objc; path = BQIphoneAnalysisTopicView.m; sourceTree = "<group>"; };
		04952E6018EAB5BC0068436C /* BQIphoneSystemSettingController.h */ = {isa = PBXFileReference; fileEncoding = 4; lastKnownFileType = sourcecode.c.h; path = BQIphoneSystemSettingController.h; sourceTree = "<group>"; };
		04952E6118EAB5BC0068436C /* BQIphoneSystemSettingController.m */ = {isa = PBXFileReference; fileEncoding = 4; lastKnownFileType = sourcecode.c.objc; path = BQIphoneSystemSettingController.m; sourceTree = "<group>"; };
		04952E6318EAB5DE0068436C /* BQIphoneSystemSettingView.h */ = {isa = PBXFileReference; fileEncoding = 4; lastKnownFileType = sourcecode.c.h; path = BQIphoneSystemSettingView.h; sourceTree = "<group>"; };
		04952E6418EAB5DE0068436C /* BQIphoneSystemSettingView.m */ = {isa = PBXFileReference; fileEncoding = 4; lastKnownFileType = sourcecode.c.objc; path = BQIphoneSystemSettingView.m; sourceTree = "<group>"; };
		04B39B3A18F58072002C3934 /* BQIphoneSystemSettingItem.h */ = {isa = PBXFileReference; fileEncoding = 4; lastKnownFileType = sourcecode.c.h; path = BQIphoneSystemSettingItem.h; sourceTree = "<group>"; };
		04B39B3B18F58072002C3934 /* BQIphoneSystemSettingItem.m */ = {isa = PBXFileReference; fileEncoding = 4; lastKnownFileType = sourcecode.c.objc; path = BQIphoneSystemSettingItem.m; sourceTree = "<group>"; };
		04B39B3E18F66FB2002C3934 /* IphoneResource.bundle */ = {isa = PBXFileReference; lastKnownFileType = "wrapper.plug-in"; name = IphoneResource.bundle; path = Bundles/IphoneResource.bundle; sourceTree = SOURCE_ROOT; };
		7606CEE218E90B150087EC33 /* BQComponentFactory.h */ = {isa = PBXFileReference; fileEncoding = 4; lastKnownFileType = sourcecode.c.h; path = BQComponentFactory.h; sourceTree = "<group>"; };
		7606CEE318E90B150087EC33 /* BQComponentFactory.m */ = {isa = PBXFileReference; fileEncoding = 4; lastKnownFileType = sourcecode.c.objc; path = BQComponentFactory.m; sourceTree = "<group>"; };
		7606CEE718E918BF0087EC33 /* Component.bundle */ = {isa = PBXFileReference; lastKnownFileType = "wrapper.plug-in"; name = Component.bundle; path = Bundles/Component.bundle; sourceTree = SOURCE_ROOT; };
		7615ECB418B346FF00F1E344 /* libBQDashboard.a */ = {isa = PBXFileReference; lastKnownFileType = archive.ar; name = libBQDashboard.a; path = "../Bin/BQMobile/Build/Products/Debug-iphoneos/libBQDashboard.a"; sourceTree = "<group>"; };
		76234A6318C3851900FE3894 /* application.cfg */ = {isa = PBXFileReference; fileEncoding = 4; lastKnownFileType = text; name = application.cfg; path = Bundles/application.cfg; sourceTree = SOURCE_ROOT; };
		762D151D18EA597100A00570 /* BQIpadAnalysisTopicController.h */ = {isa = PBXFileReference; fileEncoding = 4; lastKnownFileType = sourcecode.c.h; path = BQIpadAnalysisTopicController.h; sourceTree = "<group>"; };
		762D151E18EA597100A00570 /* BQIpadAnalysisTopicController.m */ = {isa = PBXFileReference; fileEncoding = 4; lastKnownFileType = sourcecode.c.objc; path = BQIpadAnalysisTopicController.m; sourceTree = "<group>"; };
		762D151F18EA597100A00570 /* BQIpadAnalysisTopicView.h */ = {isa = PBXFileReference; fileEncoding = 4; lastKnownFileType = sourcecode.c.h; path = BQIpadAnalysisTopicView.h; sourceTree = "<group>"; };
		762D152018EA597100A00570 /* BQIpadAnalysisTopicView.m */ = {isa = PBXFileReference; fileEncoding = 4; lastKnownFileType = sourcecode.c.objc; path = BQIpadAnalysisTopicView.m; sourceTree = "<group>"; };
		762D152118EA597100A00570 /* BQIpadCommonPanelController.h */ = {isa = PBXFileReference; fileEncoding = 4; lastKnownFileType = sourcecode.c.h; path = BQIpadCommonPanelController.h; sourceTree = "<group>"; };
		762D152218EA597100A00570 /* BQIpadCommonPanelController.m */ = {isa = PBXFileReference; fileEncoding = 4; lastKnownFileType = sourcecode.c.objc; path = BQIpadCommonPanelController.m; sourceTree = "<group>"; };
		762D152318EA597100A00570 /* BQIpadFunctionController.h */ = {isa = PBXFileReference; fileEncoding = 4; lastKnownFileType = sourcecode.c.h; path = BQIpadFunctionController.h; sourceTree = "<group>"; };
		762D152418EA597100A00570 /* BQIpadFunctionController.m */ = {isa = PBXFileReference; fileEncoding = 4; lastKnownFileType = sourcecode.c.objc; path = BQIpadFunctionController.m; sourceTree = "<group>"; };
		762D152518EA597100A00570 /* BQIpadHomeController.h */ = {isa = PBXFileReference; fileEncoding = 4; lastKnownFileType = sourcecode.c.h; path = BQIpadHomeController.h; sourceTree = "<group>"; };
		762D152618EA597100A00570 /* BQIpadHomeController.m */ = {isa = PBXFileReference; fileEncoding = 4; lastKnownFileType = sourcecode.c.objc; path = BQIpadHomeController.m; sourceTree = "<group>"; };
		762D152718EA597100A00570 /* BQIpadFrameController.h */ = {isa = PBXFileReference; fileEncoding = 4; lastKnownFileType = sourcecode.c.h; path = BQIpadFrameController.h; sourceTree = "<group>"; };
		762D152818EA597100A00570 /* BQIpadFrameController.m */ = {isa = PBXFileReference; fileEncoding = 4; lastKnownFileType = sourcecode.c.objc; path = BQIpadFrameController.m; sourceTree = "<group>"; };
		762D152918EA597100A00570 /* BQIpadLeftSideMenuModel.h */ = {isa = PBXFileReference; fileEncoding = 4; lastKnownFileType = sourcecode.c.h; path = BQIpadLeftSideMenuModel.h; sourceTree = "<group>"; };
		762D152A18EA597100A00570 /* BQIpadLeftSideMenuModel.m */ = {isa = PBXFileReference; fileEncoding = 4; lastKnownFileType = sourcecode.c.objc; path = BQIpadLeftSideMenuModel.m; sourceTree = "<group>"; };
		762D152B18EA597100A00570 /* BQIpadLoginController.h */ = {isa = PBXFileReference; fileEncoding = 4; lastKnownFileType = sourcecode.c.h; path = BQIpadLoginController.h; sourceTree = "<group>"; };
		762D152C18EA597100A00570 /* BQIpadLoginController.m */ = {isa = PBXFileReference; fileEncoding = 4; lastKnownFileType = sourcecode.c.objc; path = BQIpadLoginController.m; sourceTree = "<group>"; };
		762D152D18EA597100A00570 /* BQIpadLoginView.h */ = {isa = PBXFileReference; fileEncoding = 4; lastKnownFileType = sourcecode.c.h; path = BQIpadLoginView.h; sourceTree = "<group>"; };
		762D152E18EA597100A00570 /* BQIpadLoginView.m */ = {isa = PBXFileReference; fileEncoding = 4; lastKnownFileType = sourcecode.c.objc; path = BQIpadLoginView.m; sourceTree = "<group>"; };
		762D152F18EA597100A00570 /* BQIpadLeftSideMenuController.h */ = {isa = PBXFileReference; fileEncoding = 4; lastKnownFileType = sourcecode.c.h; path = BQIpadLeftSideMenuController.h; sourceTree = "<group>"; };
		762D153018EA597100A00570 /* BQIpadLeftSideMenuController.m */ = {isa = PBXFileReference; fileEncoding = 4; lastKnownFileType = sourcecode.c.objc; path = BQIpadLeftSideMenuController.m; sourceTree = "<group>"; };
		762D153118EA597100A00570 /* BQIpadSystemSettingController.h */ = {isa = PBXFileReference; fileEncoding = 4; lastKnownFileType = sourcecode.c.h; path = BQIpadSystemSettingController.h; sourceTree = "<group>"; };
		762D153218EA597100A00570 /* BQIpadSystemSettingController.m */ = {isa = PBXFileReference; fileEncoding = 4; lastKnownFileType = sourcecode.c.objc; path = BQIpadSystemSettingController.m; sourceTree = "<group>"; };
		76315D5618E0027A00199AFD /* CFNetwork.framework */ = {isa = PBXFileReference; lastKnownFileType = wrapper.framework; name = CFNetwork.framework; path = System/Library/Frameworks/CFNetwork.framework; sourceTree = SDKROOT; };
		76315D5818E0028E00199AFD /* MobileCoreServices.framework */ = {isa = PBXFileReference; lastKnownFileType = wrapper.framework; name = MobileCoreServices.framework; path = System/Library/Frameworks/MobileCoreServices.framework; sourceTree = SDKROOT; };
		76315D5A18E0029A00199AFD /* SystemConfiguration.framework */ = {isa = PBXFileReference; lastKnownFileType = wrapper.framework; name = SystemConfiguration.framework; path = System/Library/Frameworks/SystemConfiguration.framework; sourceTree = SDKROOT; };
		76315D5C18E002AD00199AFD /* libxml2.dylib */ = {isa = PBXFileReference; lastKnownFileType = "compiled.mach-o.dylib"; name = libxml2.dylib; path = usr/lib/libxml2.dylib; sourceTree = SDKROOT; };
		76315D5E18E002B700199AFD /* libz.dylib */ = {isa = PBXFileReference; lastKnownFileType = "compiled.mach-o.dylib"; name = libz.dylib; path = usr/lib/libz.dylib; sourceTree = SDKROOT; };
		764B7E9818F4E36E00696A5F /* NavigationBarButton.h */ = {isa = PBXFileReference; fileEncoding = 4; lastKnownFileType = sourcecode.c.h; path = NavigationBarButton.h; sourceTree = "<group>"; };
		764B7E9918F4E36E00696A5F /* NavigationBarButton.m */ = {isa = PBXFileReference; fileEncoding = 4; lastKnownFileType = sourcecode.c.objc; path = NavigationBarButton.m; sourceTree = "<group>"; };
		764B7E9B18F4E36E00696A5F /* MSSlidingPanelController.h */ = {isa = PBXFileReference; fileEncoding = 4; lastKnownFileType = sourcecode.c.h; path = MSSlidingPanelController.h; sourceTree = "<group>"; };
		764B7E9C18F4E36E00696A5F /* MSSlidingPanelController.m */ = {isa = PBXFileReference; fileEncoding = 4; lastKnownFileType = sourcecode.c.objc; path = MSSlidingPanelController.m; sourceTree = "<group>"; };
		764B7E9D18F4E36E00696A5F /* MSViewControllerSlidingPanel.h */ = {isa = PBXFileReference; fileEncoding = 4; lastKnownFileType = sourcecode.c.h; path = MSViewControllerSlidingPanel.h; sourceTree = "<group>"; };
		764B7E9E18F4E36E00696A5F /* MSViewControllerSlidingPanel.m */ = {isa = PBXFileReference; fileEncoding = 4; lastKnownFileType = sourcecode.c.objc; path = MSViewControllerSlidingPanel.m; sourceTree = "<group>"; };
		764B7EAC18F4E48B00696A5F /* BQCOMCompositionResolver.h */ = {isa = PBXFileReference; fileEncoding = 4; lastKnownFileType = sourcecode.c.h; path = BQCOMCompositionResolver.h; sourceTree = "<group>"; };
		764B7EAD18F4E48B00696A5F /* BQCOMCompositionResolver.m */ = {isa = PBXFileReference; fileEncoding = 4; lastKnownFileType = sourcecode.c.objc; path = BQCOMCompositionResolver.m; sourceTree = "<group>"; };
		764B7EB518F54CBB00696A5F /* BQComponentResolver.h */ = {isa = PBXFileReference; fileEncoding = 4; lastKnownFileType = sourcecode.c.h; path = BQComponentResolver.h; sourceTree = "<group>"; };
		764B7EB618F54CBB00696A5F /* BQComponentResolver.m */ = {isa = PBXFileReference; fileEncoding = 4; lastKnownFileType = sourcecode.c.objc; path = BQComponentResolver.m; sourceTree = "<group>"; };
		76AC1E2018C279980063ED32 /* BQLoginController.h */ = {isa = PBXFileReference; fileEncoding = 4; lastKnownFileType = sourcecode.c.h; path = BQLoginController.h; sourceTree = "<group>"; };
		76AC1E2118C279980063ED32 /* BQLoginController.m */ = {isa = PBXFileReference; fileEncoding = 4; lastKnownFileType = sourcecode.c.objc; path = BQLoginController.m; sourceTree = "<group>"; };
		76B07C3D18D92C30000FA58B /* BQCommonUI.h */ = {isa = PBXFileReference; fileEncoding = 4; lastKnownFileType = sourcecode.c.h; path = BQCommonUI.h; sourceTree = "<group>"; };
		76B07C3E18D92C30000FA58B /* BQCommonUI.m */ = {isa = PBXFileReference; fileEncoding = 4; lastKnownFileType = sourcecode.c.objc; path = BQCommonUI.m; sourceTree = "<group>"; };
		76B07C4018D93EA4000FA58B /* BQLoadView.h */ = {isa = PBXFileReference; fileEncoding = 4; lastKnownFileType = sourcecode.c.h; path = BQLoadView.h; sourceTree = "<group>"; };
		76B07C4118D93EA4000FA58B /* BQLoadView.m */ = {isa = PBXFileReference; fileEncoding = 4; lastKnownFileType = sourcecode.c.objc; path = BQLoadView.m; sourceTree = "<group>"; };
		76B0E2FA18C2DEAA00C5C219 /* Style.bundle */ = {isa = PBXFileReference; lastKnownFileType = "wrapper.plug-in"; name = Style.bundle; path = Bundles/Style.bundle; sourceTree = SOURCE_ROOT; };
		76B0E2FB18C2DEAA00C5C219 /* UFExpress.bundle */ = {isa = PBXFileReference; lastKnownFileType = "wrapper.plug-in"; name = UFExpress.bundle; path = Bundles/UFExpress.bundle; sourceTree = SOURCE_ROOT; };
		76B0E30418C2F24400C5C219 /* BQNavigationController.h */ = {isa = PBXFileReference; fileEncoding = 4; lastKnownFileType = sourcecode.c.h; path = BQNavigationController.h; sourceTree = "<group>"; };
		76B0E30518C2F24400C5C219 /* BQNavigationController.m */ = {isa = PBXFileReference; fileEncoding = 4; lastKnownFileType = sourcecode.c.objc; path = BQNavigationController.m; sourceTree = "<group>"; };
		76B0F8FC18EE1DE3001FB42D /* Demo.bundle */ = {isa = PBXFileReference; lastKnownFileType = "wrapper.plug-in"; name = Demo.bundle; path = Bundles/Demo.bundle; sourceTree = SOURCE_ROOT; };
		76CD374E18EF82AE0028F425 /* BQComponentPlugin.h */ = {isa = PBXFileReference; fileEncoding = 4; lastKnownFileType = sourcecode.c.h; path = BQComponentPlugin.h; sourceTree = "<group>"; };
		76CD374F18EF82AE0028F425 /* BQComponentPlugin.m */ = {isa = PBXFileReference; fileEncoding = 4; lastKnownFileType = sourcecode.c.objc; path = BQComponentPlugin.m; sourceTree = "<group>"; };
		76D99E7018B33643004A9055 /* BQMobile.app */ = {isa = PBXFileReference; explicitFileType = wrapper.application; includeInIndex = 0; path = BQMobile.app; sourceTree = BUILT_PRODUCTS_DIR; };
		76D99E7318B33643004A9055 /* Foundation.framework */ = {isa = PBXFileReference; lastKnownFileType = wrapper.framework; name = Foundation.framework; path = System/Library/Frameworks/Foundation.framework; sourceTree = SDKROOT; };
		76D99E7518B33643004A9055 /* CoreGraphics.framework */ = {isa = PBXFileReference; lastKnownFileType = wrapper.framework; name = CoreGraphics.framework; path = System/Library/Frameworks/CoreGraphics.framework; sourceTree = SDKROOT; };
		76D99E7718B33643004A9055 /* UIKit.framework */ = {isa = PBXFileReference; lastKnownFileType = wrapper.framework; name = UIKit.framework; path = System/Library/Frameworks/UIKit.framework; sourceTree = SDKROOT; };
		76D99E7B18B33643004A9055 /* BQMobile-Info.plist */ = {isa = PBXFileReference; lastKnownFileType = text.plist.xml; path = "BQMobile-Info.plist"; sourceTree = "<group>"; };
		76D99E7D18B33643004A9055 /* en */ = {isa = PBXFileReference; lastKnownFileType = text.plist.strings; name = en; path = en.lproj/InfoPlist.strings; sourceTree = "<group>"; };
		76D99E7F18B33643004A9055 /* main.m */ = {isa = PBXFileReference; lastKnownFileType = sourcecode.c.objc; path = main.m; sourceTree = "<group>"; };
		76D99E8118B33643004A9055 /* BQMobile-Prefix.pch */ = {isa = PBXFileReference; lastKnownFileType = sourcecode.c.h; path = "BQMobile-Prefix.pch"; sourceTree = "<group>"; };
		76D99E8218B33643004A9055 /* BQAppDelegate.h */ = {isa = PBXFileReference; lastKnownFileType = sourcecode.c.h; path = BQAppDelegate.h; sourceTree = "<group>"; };
		76D99E8318B33643004A9055 /* BQAppDelegate.m */ = {isa = PBXFileReference; lastKnownFileType = sourcecode.c.objc; path = BQAppDelegate.m; sourceTree = "<group>"; };
		76D99E8518B33643004A9055 /* Images.xcassets */ = {isa = PBXFileReference; lastKnownFileType = folder.assetcatalog; path = Images.xcassets; sourceTree = "<group>"; };
		76D99E8B18B33643004A9055 /* BQMobileTests.xctest */ = {isa = PBXFileReference; explicitFileType = wrapper.cfbundle; includeInIndex = 0; path = BQMobileTests.xctest; sourceTree = BUILT_PRODUCTS_DIR; };
		76D99E8C18B33643004A9055 /* XCTest.framework */ = {isa = PBXFileReference; lastKnownFileType = wrapper.framework; name = XCTest.framework; path = Library/Frameworks/XCTest.framework; sourceTree = DEVELOPER_DIR; };
		76D99E9418B33644004A9055 /* BQMobileTests-Info.plist */ = {isa = PBXFileReference; lastKnownFileType = text.plist.xml; path = "BQMobileTests-Info.plist"; sourceTree = "<group>"; };
		76D99E9618B33644004A9055 /* en */ = {isa = PBXFileReference; lastKnownFileType = text.plist.strings; name = en; path = en.lproj/InfoPlist.strings; sourceTree = "<group>"; };
		76D99E9818B33644004A9055 /* BQMobileTests.m */ = {isa = PBXFileReference; lastKnownFileType = sourcecode.c.objc; path = BQMobileTests.m; sourceTree = "<group>"; };
		76D99F0F18B33757004A9055 /* libBQCore.a */ = {isa = PBXFileReference; lastKnownFileType = archive.ar; name = libBQCore.a; path = "../Bin/BQMobile/Build/Products/Debug-iphoneos/libBQCore.a"; sourceTree = "<group>"; };
		76F284CD18E666BF00976CF6 /* BQComponentView.h */ = {isa = PBXFileReference; fileEncoding = 4; lastKnownFileType = sourcecode.c.h; path = BQComponentView.h; sourceTree = "<group>"; };
		76F284CE18E666BF00976CF6 /* BQComponentView.m */ = {isa = PBXFileReference; fileEncoding = 4; lastKnownFileType = sourcecode.c.objc; path = BQComponentView.m; sourceTree = "<group>"; };
		76F284EB18E7F67400976CF6 /* BQTemplateResolver.h */ = {isa = PBXFileReference; fileEncoding = 4; lastKnownFileType = sourcecode.c.h; path = BQTemplateResolver.h; sourceTree = "<group>"; };
		76F284EC18E7F67400976CF6 /* BQTemplateResolver.m */ = {isa = PBXFileReference; fileEncoding = 4; lastKnownFileType = sourcecode.c.objc; path = BQTemplateResolver.m; sourceTree = "<group>"; };
		76FDF71718E3C0DF004598D3 /* BQAlertView.h */ = {isa = PBXFileReference; fileEncoding = 4; lastKnownFileType = sourcecode.c.h; path = BQAlertView.h; sourceTree = "<group>"; };
		76FDF71818E3C0DF004598D3 /* BQAlertView.m */ = {isa = PBXFileReference; fileEncoding = 4; lastKnownFileType = sourcecode.c.objc; path = BQAlertView.m; sourceTree = "<group>"; };
		76FDF71D18E40A58004598D3 /* BQView.h */ = {isa = PBXFileReference; fileEncoding = 4; lastKnownFileType = sourcecode.c.h; path = BQView.h; sourceTree = "<group>"; };
		76FDF71E18E40A58004598D3 /* BQView.m */ = {isa = PBXFileReference; fileEncoding = 4; lastKnownFileType = sourcecode.c.objc; path = BQView.m; sourceTree = "<group>"; };
/* End PBXFileReference section */

/* Begin PBXFrameworksBuildPhase section */
		76D99E6D18B33643004A9055 /* Frameworks */ = {
			isa = PBXFrameworksBuildPhase;
			buildActionMask = 2147483647;
			files = (
				768DD41218F038A900A8AE61 /* libxml2.dylib in Frameworks */,
				76315D5F18E002B700199AFD /* libz.dylib in Frameworks */,
				7615ECB518B346FF00F1E344 /* libBQDashboard.a in Frameworks */,
				76D99F1018B33757004A9055 /* libBQCore.a in Frameworks */,
				76315D5718E0027A00199AFD /* CFNetwork.framework in Frameworks */,
				76D99E7618B33643004A9055 /* CoreGraphics.framework in Frameworks */,
				76315D5B18E0029A00199AFD /* SystemConfiguration.framework in Frameworks */,
				76315D5918E0028E00199AFD /* MobileCoreServices.framework in Frameworks */,
				76D99E7818B33643004A9055 /* UIKit.framework in Frameworks */,
				76D99E7418B33643004A9055 /* Foundation.framework in Frameworks */,
			);
			runOnlyForDeploymentPostprocessing = 0;
		};
		76D99E8818B33643004A9055 /* Frameworks */ = {
			isa = PBXFrameworksBuildPhase;
			buildActionMask = 2147483647;
			files = (
				76D99E8D18B33643004A9055 /* XCTest.framework in Frameworks */,
				76D99E8F18B33643004A9055 /* UIKit.framework in Frameworks */,
				76D99E8E18B33643004A9055 /* Foundation.framework in Frameworks */,
			);
			runOnlyForDeploymentPostprocessing = 0;
		};
/* End PBXFrameworksBuildPhase section */

/* Begin PBXGroup section */
		0407F75518FBB9D0001DE7C3 /* include */ = {
			isa = PBXGroup;
			children = (
				0407F75618FBB9D0001DE7C3 /* BQCore */,
				0407F76418FBB9D0001DE7C3 /* BQDashboard */,
			);
			name = include;
			path = "../../Bin/BQMobile/Build/Products/Debug-iphoneos/include";
			sourceTree = "<group>";
		};
		0407F75618FBB9D0001DE7C3 /* BQCore */ = {
			isa = PBXGroup;
			children = (
				0407F75718FBB9D0001DE7C3 /* BQContext.h */,
				0407F75818FBB9D0001DE7C3 /* BQCore.h */,
				0407F75918FBB9D0001DE7C3 /* BQFileReader.h */,
				0407F75A18FBB9D0001DE7C3 /* BQServerAccess.h */,
				0407F75B18FBB9D0001DE7C3 /* BQViewOperateModel.h */,
				0407F75C18FBB9D0001DE7C3 /* Common.h */,
				0407F75E18FBB9D0001DE7C3 /* ElUtils.h */,
				0407F75F18FBB9D0001DE7C3 /* FSUtils.h */,
				0407F76018FBB9D0001DE7C3 /* GDataXMLNode.h */,
				0407F76118FBB9D0001DE7C3 /* PropertyUtils.h */,
				0407F76218FBB9D0001DE7C3 /* WebUtils.h */,
				0407F76318FBB9D0001DE7C3 /* XMLUtils.h */,
			);
			path = BQCore;
			sourceTree = "<group>";
		};
		0407F76418FBB9D0001DE7C3 /* BQDashboard */ = {
			isa = PBXGroup;
			children = (
				0407F76518FBB9D0001DE7C3 /* BQDashboard.h */,
			);
			path = BQDashboard;
			sourceTree = "<group>";
		};
		042D213018E2CFC000E4354C /* controls */ = {
			isa = PBXGroup;
			children = (
				764B7E9718F4E36E00696A5F /* NavigationBarButton */,
				764B7E9A18F4E36E00696A5F /* SlidingPanel */,
				042D214A18E31EEC00E4354C /* Color.h */,
				042D214B18E31EEC00E4354C /* Color.m */,
				042D214418E31EC200E4354C /* TableViewItem.h */,
				042D214518E31EC200E4354C /* TableViewItem.m */,
				042D214618E31EC200E4354C /* TableViewSection.h */,
				042D214718E31EC200E4354C /* TableViewSection.m */,
				042D214018E31E3100E4354C /* BQTableViewController.h */,
				042D214118E31E3100E4354C /* BQTableViewController.m */,
				04952E4518EA99F80068436C /* BQTableViewDataModel.h */,
				04952E4618EA99F80068436C /* BQTableViewDataModel.m */,
				042D214318E31E6C00E4354C /* BQDelegateFamily.h */,
			);
			name = controls;
			path = Controls;
			sourceTree = "<group>";
		};
		764B7E9718F4E36E00696A5F /* NavigationBarButton */ = {
			isa = PBXGroup;
			children = (
				764B7E9818F4E36E00696A5F /* NavigationBarButton.h */,
				764B7E9918F4E36E00696A5F /* NavigationBarButton.m */,
			);
			path = NavigationBarButton;
			sourceTree = "<group>";
		};
		764B7E9A18F4E36E00696A5F /* SlidingPanel */ = {
			isa = PBXGroup;
			children = (
				764B7E9B18F4E36E00696A5F /* MSSlidingPanelController.h */,
				764B7E9C18F4E36E00696A5F /* MSSlidingPanelController.m */,
				764B7E9D18F4E36E00696A5F /* MSViewControllerSlidingPanel.h */,
				764B7E9E18F4E36E00696A5F /* MSViewControllerSlidingPanel.m */,
			);
			path = SlidingPanel;
			sourceTree = "<group>";
		};
		764B7EA218F4E42700696A5F /* BQChart */ = {
			isa = PBXGroup;
			children = (
			);
			path = BQChart;
			sourceTree = "<group>";
		};
		764B7EA318F4E42700696A5F /* BQComposition */ = {
			isa = PBXGroup;
			children = (
				764B7EAC18F4E48B00696A5F /* BQCOMCompositionResolver.h */,
				764B7EAD18F4E48B00696A5F /* BQCOMCompositionResolver.m */,
			);
			path = BQComposition;
			sourceTree = "<group>";
		};
		764B7EA418F4E42700696A5F /* BQImage */ = {
			isa = PBXGroup;
			children = (
			);
			path = BQImage;
			sourceTree = "<group>";
		};
		764B7EA518F4E42700696A5F /* BQInputText */ = {
			isa = PBXGroup;
			children = (
			);
			path = BQInputText;
			sourceTree = "<group>";
		};
		764B7EA618F4E42800696A5F /* BQLabelObject */ = {
			isa = PBXGroup;
			children = (
			);
			path = BQLabelObject;
			sourceTree = "<group>";
		};
		764B7EA718F4E42800696A5F /* BQLinkButton */ = {
			isa = PBXGroup;
			children = (
			);
			path = BQLinkButton;
			sourceTree = "<group>";
		};
		764B7EA818F4E42800696A5F /* BQPushButton */ = {
			isa = PBXGroup;
			children = (
			);
			path = BQPushButton;
			sourceTree = "<group>";
		};
		76AC1E0D18C23B2A0063ED32 /* device */ = {
			isa = PBXGroup;
			children = (
				043DF85618F38DA200297627 /* BQButtonSwitch.h */,
				043DF85718F38DA200297627 /* BQButtonSwitch.m */,
				76AC1E2018C279980063ED32 /* BQLoginController.h */,
				76AC1E2118C279980063ED32 /* BQLoginController.m */,
				76B0E30418C2F24400C5C219 /* BQNavigationController.h */,
				76B0E30518C2F24400C5C219 /* BQNavigationController.m */,
				76B07C3D18D92C30000FA58B /* BQCommonUI.h */,
				76B07C3E18D92C30000FA58B /* BQCommonUI.m */,
				76B07C4018D93EA4000FA58B /* BQLoadView.h */,
				76B07C4118D93EA4000FA58B /* BQLoadView.m */,
				76FDF71718E3C0DF004598D3 /* BQAlertView.h */,
				76FDF71818E3C0DF004598D3 /* BQAlertView.m */,
				76FDF71D18E40A58004598D3 /* BQView.h */,
				76FDF71E18E40A58004598D3 /* BQView.m */,
				043DF85A18F39F5800297627 /* BQLayoutSetting.h */,
				0407F76C18FBD41F001DE7C3 /* BQLayoutSetting.m */,
				043DF85B18F3CF1D00297627 /* BQImageTextView.h */,
				043DF85C18F3CF1D00297627 /* BQImageTextView.m */,
				045B373618F7D87A00640C92 /* BQMobileResource.h */,
				045B373718F7D87A00640C92 /* BQMobileResource.m */,
			);
			path = device;
			sourceTree = "<group>";
		};
		76AC1E0E18C23B2A0063ED32 /* ipad */ = {
			isa = PBXGroup;
			children = (
				762D152D18EA597100A00570 /* BQIpadLoginView.h */,
				762D152E18EA597100A00570 /* BQIpadLoginView.m */,
				762D152B18EA597100A00570 /* BQIpadLoginController.h */,
				762D152C18EA597100A00570 /* BQIpadLoginController.m */,
				762D152718EA597100A00570 /* BQIpadFrameController.h */,
				762D152818EA597100A00570 /* BQIpadFrameController.m */,
				762D152518EA597100A00570 /* BQIpadHomeController.h */,
				762D152618EA597100A00570 /* BQIpadHomeController.m */,
				762D152918EA597100A00570 /* BQIpadLeftSideMenuModel.h */,
				762D152A18EA597100A00570 /* BQIpadLeftSideMenuModel.m */,
				762D152F18EA597100A00570 /* BQIpadLeftSideMenuController.h */,
				762D153018EA597100A00570 /* BQIpadLeftSideMenuController.m */,
				762D151D18EA597100A00570 /* BQIpadAnalysisTopicController.h */,
				762D151E18EA597100A00570 /* BQIpadAnalysisTopicController.m */,
				762D151F18EA597100A00570 /* BQIpadAnalysisTopicView.h */,
				762D152018EA597100A00570 /* BQIpadAnalysisTopicView.m */,
				762D152118EA597100A00570 /* BQIpadCommonPanelController.h */,
				762D152218EA597100A00570 /* BQIpadCommonPanelController.m */,
				762D152318EA597100A00570 /* BQIpadFunctionController.h */,
				762D152418EA597100A00570 /* BQIpadFunctionController.m */,
				762D153118EA597100A00570 /* BQIpadSystemSettingController.h */,
				762D153218EA597100A00570 /* BQIpadSystemSettingController.m */,
				04952E3F18EA8B180068436C /* BQIpadSystemSettingView.h */,
				04952E4018EA8B180068436C /* BQIpadSystemSettingView.m */,
			);
			path = ipad;
			sourceTree = "<group>";
		};
		76AC1E0F18C23B2A0063ED32 /* iphone */ = {
			isa = PBXGroup;
			children = (
				0401B31018EE486200049C05 /* BQSplashWindowController.h */,
				0401B31118EE486200049C05 /* BQSplashWindowController.m */,
				0476D80C18F6B4D60038A4FD /* BQIphoneLoadingController.h */,
				0476D80D18F6B4D60038A4FD /* BQIphoneLoadingController.m */,
				04952E4B18EAB2460068436C /* BQIphoneLoginView.h */,
				04952E4C18EAB2460068436C /* BQIphoneLoginView.m */,
				04952E4E18EAB2A90068436C /* BQIphoneLoginController.h */,
				04952E4F18EAB2A90068436C /* BQIphoneLoginController.m */,
				04952E5118EAB3410068436C /* BQIphoneFrameController.h */,
				04952E5218EAB3410068436C /* BQIphoneFrameController.m */,
				04952E5418EAB3A40068436C /* BQIphoneHomeController.h */,
				04952E5518EAB3A40068436C /* BQIphoneHomeController.m */,
				04952E5718EAB4360068436C /* BQIphoneMenuController.h */,
				04952E5818EAB4360068436C /* BQIphoneMenuController.m */,
				045B373318F7BE6800640C92 /* BQIphoneMenuDataSource.h */,
				045B373418F7BE6800640C92 /* BQIphoneMenuDataSource.m */,
				04952E5A18EAB50B0068436C /* BQIphoneAnalysisTopicController.h */,
				04952E5B18EAB50B0068436C /* BQIphoneAnalysisTopicController.m */,
				04952E5D18EAB52B0068436C /* BQIphoneAnalysisTopicView.h */,
				04952E5E18EAB52B0068436C /* BQIphoneAnalysisTopicView.m */,
				04B39B3A18F58072002C3934 /* BQIphoneSystemSettingItem.h */,
				04B39B3B18F58072002C3934 /* BQIphoneSystemSettingItem.m */,
				04952E6018EAB5BC0068436C /* BQIphoneSystemSettingController.h */,
				04952E6118EAB5BC0068436C /* BQIphoneSystemSettingController.m */,
				04952E6318EAB5DE0068436C /* BQIphoneSystemSettingView.h */,
				04952E6418EAB5DE0068436C /* BQIphoneSystemSettingView.m */,
				043DF85E18F4B7A000297627 /* BQIphoneSystemSettingDataSource.h */,
				043DF85F18F4B7A000297627 /* BQIphoneSystemSettingDataSource.m */,
				0407F76618FBBFBC001DE7C3 /* BQIphoneServerSettingController.h */,
				0407F76718FBBFBC001DE7C3 /* BQIphoneServerSettingController.m */,
				0407F76918FBBFDD001DE7C3 /* BQIphoneServerSettingView.h */,
				0407F76A18FBBFDD001DE7C3 /* BQIphoneServerSettingView.m */,
			);
			path = iphone;
			sourceTree = "<group>";
		};
		76D99E6718B33643004A9055 = {
			isa = PBXGroup;
			children = (
				76D99E7918B33643004A9055 /* BQMobile */,
				76D99E9218B33644004A9055 /* BQMobileTests */,
				76D99E7218B33643004A9055 /* Frameworks */,
				76D99E7118B33643004A9055 /* Products */,
			);
			sourceTree = "<group>";
		};
		76D99E7118B33643004A9055 /* Products */ = {
			isa = PBXGroup;
			children = (
				76D99E7018B33643004A9055 /* BQMobile.app */,
				76D99E8B18B33643004A9055 /* BQMobileTests.xctest */,
			);
			name = Products;
			sourceTree = "<group>";
		};
		76D99E7218B33643004A9055 /* Frameworks */ = {
			isa = PBXGroup;
			children = (
				76315D5E18E002B700199AFD /* libz.dylib */,
				76315D5C18E002AD00199AFD /* libxml2.dylib */,
				76315D5A18E0029A00199AFD /* SystemConfiguration.framework */,
				76315D5818E0028E00199AFD /* MobileCoreServices.framework */,
				76315D5618E0027A00199AFD /* CFNetwork.framework */,
				7615ECB418B346FF00F1E344 /* libBQDashboard.a */,
				76D99F0F18B33757004A9055 /* libBQCore.a */,
				76D99E7318B33643004A9055 /* Foundation.framework */,
				76D99E7518B33643004A9055 /* CoreGraphics.framework */,
				76D99E7718B33643004A9055 /* UIKit.framework */,
				76D99E8C18B33643004A9055 /* XCTest.framework */,
			);
			name = Frameworks;
			sourceTree = "<group>";
		};
		76D99E7918B33643004A9055 /* BQMobile */ = {
			isa = PBXGroup;
			children = (
				0407F75518FBB9D0001DE7C3 /* include */,
				042D213018E2CFC000E4354C /* controls */,
				76AC1E0D18C23B2A0063ED32 /* device */,
				76F284CC18E6660900976CF6 /* components */,
				76AC1E0E18C23B2A0063ED32 /* ipad */,
				76AC1E0F18C23B2A0063ED32 /* iphone */,
				76D99E8218B33643004A9055 /* BQAppDelegate.h */,
				76D99E8318B33643004A9055 /* BQAppDelegate.m */,
				76D99E8518B33643004A9055 /* Images.xcassets */,
				76D99E7A18B33643004A9055 /* Supporting Files */,
			);
			path = BQMobile;
			sourceTree = "<group>";
		};
		76D99E7A18B33643004A9055 /* Supporting Files */ = {
			isa = PBXGroup;
			children = (
				04B39B3E18F66FB2002C3934 /* IphoneResource.bundle */,
				76B0F8FC18EE1DE3001FB42D /* Demo.bundle */,
				7606CEE718E918BF0087EC33 /* Component.bundle */,
				76B0E2FA18C2DEAA00C5C219 /* Style.bundle */,
				76B0E2FB18C2DEAA00C5C219 /* UFExpress.bundle */,
				76D99E7B18B33643004A9055 /* BQMobile-Info.plist */,
				76D99E7C18B33643004A9055 /* InfoPlist.strings */,
				76D99E7F18B33643004A9055 /* main.m */,
				76D99E8118B33643004A9055 /* BQMobile-Prefix.pch */,
				76234A6318C3851900FE3894 /* application.cfg */,
			);
			name = "Supporting Files";
			sourceTree = "<group>";
		};
		76D99E9218B33644004A9055 /* BQMobileTests */ = {
			isa = PBXGroup;
			children = (
				76D99E9818B33644004A9055 /* BQMobileTests.m */,
				76D99E9318B33644004A9055 /* Supporting Files */,
			);
			path = BQMobileTests;
			sourceTree = "<group>";
		};
		76D99E9318B33644004A9055 /* Supporting Files */ = {
			isa = PBXGroup;
			children = (
				76D99E9418B33644004A9055 /* BQMobileTests-Info.plist */,
				76D99E9518B33644004A9055 /* InfoPlist.strings */,
			);
			name = "Supporting Files";
			sourceTree = "<group>";
		};
		76F284CC18E6660900976CF6 /* components */ = {
			isa = PBXGroup;
			children = (
				764B7EA218F4E42700696A5F /* BQChart */,
				764B7EA318F4E42700696A5F /* BQComposition */,
				764B7EA418F4E42700696A5F /* BQImage */,
				764B7EA518F4E42700696A5F /* BQInputText */,
				764B7EA618F4E42800696A5F /* BQLabelObject */,
				764B7EA718F4E42800696A5F /* BQLinkButton */,
				764B7EA818F4E42800696A5F /* BQPushButton */,
				76F284CD18E666BF00976CF6 /* BQComponentView.h */,
				76F284CE18E666BF00976CF6 /* BQComponentView.m */,
				76F284EB18E7F67400976CF6 /* BQTemplateResolver.h */,
				76F284EC18E7F67400976CF6 /* BQTemplateResolver.m */,
				7606CEE218E90B150087EC33 /* BQComponentFactory.h */,
				7606CEE318E90B150087EC33 /* BQComponentFactory.m */,
				76CD374E18EF82AE0028F425 /* BQComponentPlugin.h */,
				76CD374F18EF82AE0028F425 /* BQComponentPlugin.m */,
				764B7EB518F54CBB00696A5F /* BQComponentResolver.h */,
				764B7EB618F54CBB00696A5F /* BQComponentResolver.m */,
			);
			name = components;
			path = BQMobile/components;
			sourceTree = SOURCE_ROOT;
		};
/* End PBXGroup section */

/* Begin PBXNativeTarget section */
		76D99E6F18B33643004A9055 /* BQMobile */ = {
			isa = PBXNativeTarget;
			buildConfigurationList = 76D99E9C18B33644004A9055 /* Build configuration list for PBXNativeTarget "BQMobile" */;
			buildPhases = (
				76D99E6C18B33643004A9055 /* Sources */,
				76D99E6D18B33643004A9055 /* Frameworks */,
				76D99E6E18B33643004A9055 /* Resources */,
			);
			buildRules = (
			);
			dependencies = (
			);
			name = BQMobile;
			productName = BQMobile;
			productReference = 76D99E7018B33643004A9055 /* BQMobile.app */;
			productType = "com.apple.product-type.application";
		};
		76D99E8A18B33643004A9055 /* BQMobileTests */ = {
			isa = PBXNativeTarget;
			buildConfigurationList = 76D99E9F18B33644004A9055 /* Build configuration list for PBXNativeTarget "BQMobileTests" */;
			buildPhases = (
				76D99E8718B33643004A9055 /* Sources */,
				76D99E8818B33643004A9055 /* Frameworks */,
				76D99E8918B33643004A9055 /* Resources */,
			);
			buildRules = (
			);
			dependencies = (
				76D99E9118B33644004A9055 /* PBXTargetDependency */,
			);
			name = BQMobileTests;
			productName = BQMobileTests;
			productReference = 76D99E8B18B33643004A9055 /* BQMobileTests.xctest */;
			productType = "com.apple.product-type.bundle.unit-test";
		};
/* End PBXNativeTarget section */

/* Begin PBXProject section */
		76D99E6818B33643004A9055 /* Project object */ = {
			isa = PBXProject;
			attributes = {
				CLASSPREFIX = BQ;
				LastUpgradeCheck = 0510;
				ORGANIZATIONNAME = yonyou;
				TargetAttributes = {
					76D99E8A18B33643004A9055 = {
						TestTargetID = 76D99E6F18B33643004A9055;
					};
				};
			};
			buildConfigurationList = 76D99E6B18B33643004A9055 /* Build configuration list for PBXProject "BQMobile" */;
			compatibilityVersion = "Xcode 3.2";
			developmentRegion = English;
			hasScannedForEncodings = 0;
			knownRegions = (
				en,
			);
			mainGroup = 76D99E6718B33643004A9055;
			productRefGroup = 76D99E7118B33643004A9055 /* Products */;
			projectDirPath = "";
			projectRoot = "";
			targets = (
				76D99E6F18B33643004A9055 /* BQMobile */,
				76D99E8A18B33643004A9055 /* BQMobileTests */,
			);
		};
/* End PBXProject section */

/* Begin PBXResourcesBuildPhase section */
		76D99E6E18B33643004A9055 /* Resources */ = {
			isa = PBXResourcesBuildPhase;
			buildActionMask = 2147483647;
			files = (
				04B39B3F18F66FB2002C3934 /* IphoneResource.bundle in Resources */,
				76D99E7E18B33643004A9055 /* InfoPlist.strings in Resources */,
				76B0F8FD18EE1DE3001FB42D /* Demo.bundle in Resources */,
				7606CEE818E918BF0087EC33 /* Component.bundle in Resources */,
				76B0E2FD18C2DEAA00C5C219 /* UFExpress.bundle in Resources */,
				76D99E8618B33643004A9055 /* Images.xcassets in Resources */,
				76B0E2FC18C2DEAA00C5C219 /* Style.bundle in Resources */,
				76234A6418C3851900FE3894 /* application.cfg in Resources */,
			);
			runOnlyForDeploymentPostprocessing = 0;
		};
		76D99E8918B33643004A9055 /* Resources */ = {
			isa = PBXResourcesBuildPhase;
			buildActionMask = 2147483647;
			files = (
				76D99E9718B33644004A9055 /* InfoPlist.strings in Resources */,
			);
			runOnlyForDeploymentPostprocessing = 0;
		};
/* End PBXResourcesBuildPhase section */

/* Begin PBXSourcesBuildPhase section */
		76D99E6C18B33643004A9055 /* Sources */ = {
			isa = PBXSourcesBuildPhase;
			buildActionMask = 2147483647;
			files = (
				043DF86018F4B7A000297627 /* BQIphoneSystemSettingDataSource.m in Sources */,
				042D214918E31EC200E4354C /* TableViewSection.m in Sources */,
				042D214C18E31EEC00E4354C /* Color.m in Sources */,
				76F284ED18E7F67400976CF6 /* BQTemplateResolver.m in Sources */,
				04952E4118EA8B180068436C /* BQIpadSystemSettingView.m in Sources */,
				045B373518F7BE6800640C92 /* BQIphoneMenuDataSource.m in Sources */,
				764B7EAE18F4E48B00696A5F /* BQCOMCompositionResolver.m in Sources */,
				76F284CF18E666BF00976CF6 /* BQComponentView.m in Sources */,
				764B7EA018F4E36E00696A5F /* MSSlidingPanelController.m in Sources */,
				0476D80E18F6B4D60038A4FD /* BQIphoneLoadingController.m in Sources */,
				042D214218E31E3100E4354C /* BQTableViewController.m in Sources */,
				764B7EB718F54CBB00696A5F /* BQComponentResolver.m in Sources */,
				76B0E30618C2F24400C5C219 /* BQNavigationController.m in Sources */,
				76AC1E2218C279980063ED32 /* BQLoginController.m in Sources */,
				7606CEE418E90B150087EC33 /* BQComponentFactory.m in Sources */,
				762D153F18EA597100A00570 /* BQIpadSystemSettingController.m in Sources */,
				762D153618EA597100A00570 /* BQIpadAnalysisTopicView.m in Sources */,
				04952E6218EAB5BC0068436C /* BQIphoneSystemSettingController.m in Sources */,
				76FDF71918E3C0DF004598D3 /* BQAlertView.m in Sources */,
				04952E5318EAB3410068436C /* BQIphoneFrameController.m in Sources */,
				04952E5C18EAB50B0068436C /* BQIphoneAnalysisTopicController.m in Sources */,
				762D153818EA597100A00570 /* BQIpadFunctionController.m in Sources */,
				04B39B3C18F58072002C3934 /* BQIphoneSystemSettingItem.m in Sources */,
				04952E5618EAB3A40068436C /* BQIphoneHomeController.m in Sources */,
				04952E6518EAB5DE0068436C /* BQIphoneSystemSettingView.m in Sources */,
				0407F76D18FBD41F001DE7C3 /* BQLayoutSetting.m in Sources */,
				042D214818E31EC200E4354C /* TableViewItem.m in Sources */,
				043DF85818F38DA200297627 /* BQButtonSwitch.m in Sources */,
				762D153E18EA597100A00570 /* BQIpadLeftSideMenuController.m in Sources */,
				0401B31218EE486200049C05 /* BQSplashWindowController.m in Sources */,
				76B07C3F18D92C30000FA58B /* BQCommonUI.m in Sources */,
				04952E5F18EAB52B0068436C /* BQIphoneAnalysisTopicView.m in Sources */,
				045B373818F7D87A00640C92 /* BQMobileResource.m in Sources */,
				76B07C4218D93EA4000FA58B /* BQLoadView.m in Sources */,
				04952E4718EA99F80068436C /* BQTableViewDataModel.m in Sources */,
				04952E5018EAB2A90068436C /* BQIphoneLoginController.m in Sources */,
				762D153518EA597100A00570 /* BQIpadAnalysisTopicController.m in Sources */,
				762D153918EA597100A00570 /* BQIpadHomeController.m in Sources */,
				76D99E8018B33643004A9055 /* main.m in Sources */,
				0407F76818FBBFBD001DE7C3 /* BQIphoneServerSettingController.m in Sources */,
				76CD375018EF82AE0028F425 /* BQComponentPlugin.m in Sources */,
				04952E5918EAB4360068436C /* BQIphoneMenuController.m in Sources */,
				762D153A18EA597100A00570 /* BQIpadFrameController.m in Sources */,
				0407F76B18FBBFDD001DE7C3 /* BQIphoneServerSettingView.m in Sources */,
				762D153D18EA597100A00570 /* BQIpadLoginView.m in Sources */,
				762D153C18EA597100A00570 /* BQIpadLoginController.m in Sources */,
				764B7E9F18F4E36E00696A5F /* NavigationBarButton.m in Sources */,
				76D99E8418B33643004A9055 /* BQAppDelegate.m in Sources */,
				762D153B18EA597100A00570 /* BQIpadLeftSideMenuModel.m in Sources */,
				762D153718EA597100A00570 /* BQIpadCommonPanelController.m in Sources */,
				76FDF71F18E40A58004598D3 /* BQView.m in Sources */,
				043DF85D18F3CF1D00297627 /* BQImageTextView.m in Sources */,
				764B7EA118F4E36E00696A5F /* MSViewControllerSlidingPanel.m in Sources */,
				04952E4D18EAB2460068436C /* BQIphoneLoginView.m in Sources */,
			);
			runOnlyForDeploymentPostprocessing = 0;
		};
		76D99E8718B33643004A9055 /* Sources */ = {
			isa = PBXSourcesBuildPhase;
			buildActionMask = 2147483647;
			files = (
				76D99E9918B33644004A9055 /* BQMobileTests.m in Sources */,
			);
			runOnlyForDeploymentPostprocessing = 0;
		};
/* End PBXSourcesBuildPhase section */

/* Begin PBXTargetDependency section */
		76D99E9118B33644004A9055 /* PBXTargetDependency */ = {
			isa = PBXTargetDependency;
			target = 76D99E6F18B33643004A9055 /* BQMobile */;
			targetProxy = 76D99E9018B33644004A9055 /* PBXContainerItemProxy */;
		};
/* End PBXTargetDependency section */

/* Begin PBXVariantGroup section */
		76D99E7C18B33643004A9055 /* InfoPlist.strings */ = {
			isa = PBXVariantGroup;
			children = (
				76D99E7D18B33643004A9055 /* en */,
			);
			name = InfoPlist.strings;
			sourceTree = "<group>";
		};
		76D99E9518B33644004A9055 /* InfoPlist.strings */ = {
			isa = PBXVariantGroup;
			children = (
				76D99E9618B33644004A9055 /* en */,
			);
			name = InfoPlist.strings;
			sourceTree = "<group>";
		};
/* End PBXVariantGroup section */

/* Begin XCBuildConfiguration section */
		76D99E9A18B33644004A9055 /* Debug */ = {
			isa = XCBuildConfiguration;
			buildSettings = {
				ALWAYS_SEARCH_USER_PATHS = NO;
				CLANG_CXX_LANGUAGE_STANDARD = "gnu++0x";
				CLANG_CXX_LIBRARY = "libc++";
				CLANG_ENABLE_MODULES = YES;
				CLANG_ENABLE_OBJC_ARC = YES;
				CLANG_WARN_BOOL_CONVERSION = YES;
				CLANG_WARN_CONSTANT_CONVERSION = YES;
				CLANG_WARN_DIRECT_OBJC_ISA_USAGE = YES_ERROR;
				CLANG_WARN_EMPTY_BODY = YES;
				CLANG_WARN_ENUM_CONVERSION = YES;
				CLANG_WARN_INT_CONVERSION = YES;
				CLANG_WARN_OBJC_ROOT_CLASS = YES_ERROR;
				CLANG_WARN__DUPLICATE_METHOD_MATCH = YES;
				CODE_SIGN_IDENTITY = "iPhone Developer: sun zhenhai (RY3G2CZ2MS)";
				"CODE_SIGN_IDENTITY[sdk=iphoneos*]" = "iPhone Developer: sun zhenhai (RY3G2CZ2MS)";
				COPY_PHASE_STRIP = NO;
				GCC_C_LANGUAGE_STANDARD = gnu99;
				GCC_DYNAMIC_NO_PIC = NO;
				GCC_OPTIMIZATION_LEVEL = 0;
				GCC_PREPROCESSOR_DEFINITIONS = (
					"DEBUG=1",
					"$(inherited)",
				);
				GCC_SYMBOLS_PRIVATE_EXTERN = NO;
				GCC_WARN_64_TO_32_BIT_CONVERSION = YES;
				GCC_WARN_ABOUT_RETURN_TYPE = YES_ERROR;
				GCC_WARN_UNDECLARED_SELECTOR = YES;
				GCC_WARN_UNINITIALIZED_AUTOS = YES;
				GCC_WARN_UNUSED_FUNCTION = YES;
				GCC_WARN_UNUSED_VARIABLE = YES;
				IPHONEOS_DEPLOYMENT_TARGET = 5.1;
				ONLY_ACTIVE_ARCH = YES;
				SDKROOT = iphoneos;
				TARGETED_DEVICE_FAMILY = "1,2";
			};
			name = Debug;
		};
		76D99E9B18B33644004A9055 /* Release */ = {
			isa = XCBuildConfiguration;
			buildSettings = {
				ALWAYS_SEARCH_USER_PATHS = NO;
				CLANG_CXX_LANGUAGE_STANDARD = "gnu++0x";
				CLANG_CXX_LIBRARY = "libc++";
				CLANG_ENABLE_MODULES = YES;
				CLANG_ENABLE_OBJC_ARC = YES;
				CLANG_WARN_BOOL_CONVERSION = YES;
				CLANG_WARN_CONSTANT_CONVERSION = YES;
				CLANG_WARN_DIRECT_OBJC_ISA_USAGE = YES_ERROR;
				CLANG_WARN_EMPTY_BODY = YES;
				CLANG_WARN_ENUM_CONVERSION = YES;
				CLANG_WARN_INT_CONVERSION = YES;
				CLANG_WARN_OBJC_ROOT_CLASS = YES_ERROR;
				CLANG_WARN__DUPLICATE_METHOD_MATCH = YES;
				CODE_SIGN_IDENTITY = "iPhone Developer: sun zhenhai (RY3G2CZ2MS)";
				"CODE_SIGN_IDENTITY[sdk=iphoneos*]" = "iPhone Developer: sun zhenhai (RY3G2CZ2MS)";
				COPY_PHASE_STRIP = YES;
				ENABLE_NS_ASSERTIONS = NO;
				GCC_C_LANGUAGE_STANDARD = gnu99;
				GCC_WARN_64_TO_32_BIT_CONVERSION = YES;
				GCC_WARN_ABOUT_RETURN_TYPE = YES_ERROR;
				GCC_WARN_UNDECLARED_SELECTOR = YES;
				GCC_WARN_UNINITIALIZED_AUTOS = YES;
				GCC_WARN_UNUSED_FUNCTION = YES;
				GCC_WARN_UNUSED_VARIABLE = YES;
				IPHONEOS_DEPLOYMENT_TARGET = 5.1;
				SDKROOT = iphoneos;
				TARGETED_DEVICE_FAMILY = "1,2";
				VALIDATE_PRODUCT = YES;
			};
			name = Release;
		};
		76D99E9D18B33644004A9055 /* Debug */ = {
			isa = XCBuildConfiguration;
			buildSettings = {
				ASSETCATALOG_COMPILER_APPICON_NAME = AppIcon;
				ASSETCATALOG_COMPILER_LAUNCHIMAGE_NAME = LaunchImage;
				CODE_SIGN_IDENTITY = "iPhone Distribution";
				GCC_PRECOMPILE_PREFIX_HEADER = YES;
				GCC_PREFIX_HEADER = "BQMobile/BQMobile-Prefix.pch";
				HEADER_SEARCH_PATHS = (
					"$(inherited)",
					/Applications/Xcode.app/Contents/Developer/Toolchains/XcodeDefault.xctoolchain/usr/include,
					"${SDK_DIR}/usr/include/libxml2",
				);
				INFOPLIST_FILE = "BQMobile/BQMobile-Info.plist";
				LIBRARY_SEARCH_PATHS = (
					"$(inherited)",
					"/Users/panbasten/Desktop/WorkSpace/a/Bin/BQMobile/Build/Products/Debug-iphoneos",
				);
				PRODUCT_NAME = "$(TARGET_NAME)";
				VALID_ARCHS = "arm64 armv7 armv7s";
				WRAPPER_EXTENSION = app;
			};
			name = Debug;
		};
		76D99E9E18B33644004A9055 /* Release */ = {
			isa = XCBuildConfiguration;
			buildSettings = {
				ASSETCATALOG_COMPILER_APPICON_NAME = AppIcon;
				ASSETCATALOG_COMPILER_LAUNCHIMAGE_NAME = LaunchImage;
				CODE_SIGN_IDENTITY = "iPhone Distribution";
				"CODE_SIGN_IDENTITY[sdk=*]" = "iPhone Distribution";
				GCC_PRECOMPILE_PREFIX_HEADER = YES;
				GCC_PREFIX_HEADER = "BQMobile/BQMobile-Prefix.pch";
				HEADER_SEARCH_PATHS = (
					"$(inherited)",
					/Applications/Xcode.app/Contents/Developer/Toolchains/XcodeDefault.xctoolchain/usr/include,
					"${SDK_DIR}/usr/include/libxml2",
				);
				INFOPLIST_FILE = "BQMobile/BQMobile-Info.plist";
				LIBRARY_SEARCH_PATHS = (
					"$(inherited)",
					"/Users/panbasten/Desktop/WorkSpace/a/Bin/BQMobile/Build/Products/Debug-iphoneos",
				);
				PRODUCT_NAME = "$(TARGET_NAME)";
				VALID_ARCHS = "arm64 armv7 armv7s";
				WRAPPER_EXTENSION = app;
			};
			name = Release;
		};
		76D99EA018B33644004A9055 /* Debug */ = {
			isa = XCBuildConfiguration;
			buildSettings = {
				BUNDLE_LOADER = "$(BUILT_PRODUCTS_DIR)/BQMobile.app/BQMobile";
				FRAMEWORK_SEARCH_PATHS = (
					"$(SDKROOT)/Developer/Library/Frameworks",
					"$(inherited)",
					"$(DEVELOPER_FRAMEWORKS_DIR)",
				);
				GCC_PRECOMPILE_PREFIX_HEADER = YES;
				GCC_PREFIX_HEADER = "BQMobile/BQMobile-Prefix.pch";
				GCC_PREPROCESSOR_DEFINITIONS = (
					"DEBUG=1",
					"$(inherited)",
				);
				INFOPLIST_FILE = "BQMobileTests/BQMobileTests-Info.plist";
				PRODUCT_NAME = "$(TARGET_NAME)";
				TEST_HOST = "$(BUNDLE_LOADER)";
				WRAPPER_EXTENSION = xctest;
			};
			name = Debug;
		};
		76D99EA118B33644004A9055 /* Release */ = {
			isa = XCBuildConfiguration;
			buildSettings = {
				BUNDLE_LOADER = "$(BUILT_PRODUCTS_DIR)/BQMobile.app/BQMobile";
				FRAMEWORK_SEARCH_PATHS = (
					"$(SDKROOT)/Developer/Library/Frameworks",
					"$(inherited)",
					"$(DEVELOPER_FRAMEWORKS_DIR)",
				);
				GCC_PRECOMPILE_PREFIX_HEADER = YES;
				GCC_PREFIX_HEADER = "BQMobile/BQMobile-Prefix.pch";
				INFOPLIST_FILE = "BQMobileTests/BQMobileTests-Info.plist";
				PRODUCT_NAME = "$(TARGET_NAME)";
				TEST_HOST = "$(BUNDLE_LOADER)";
				WRAPPER_EXTENSION = xctest;
			};
			name = Release;
		};
		76D99F1F18B339E9004A9055 /* Distribution */ = {
			isa = XCBuildConfiguration;
			buildSettings = {
				ALWAYS_SEARCH_USER_PATHS = NO;
				CLANG_CXX_LANGUAGE_STANDARD = "gnu++0x";
				CLANG_CXX_LIBRARY = "libc++";
				CLANG_ENABLE_MODULES = YES;
				CLANG_ENABLE_OBJC_ARC = YES;
				CLANG_WARN_BOOL_CONVERSION = YES;
				CLANG_WARN_CONSTANT_CONVERSION = YES;
				CLANG_WARN_DIRECT_OBJC_ISA_USAGE = YES_ERROR;
				CLANG_WARN_EMPTY_BODY = YES;
				CLANG_WARN_ENUM_CONVERSION = YES;
				CLANG_WARN_INT_CONVERSION = YES;
				CLANG_WARN_OBJC_ROOT_CLASS = YES_ERROR;
				CLANG_WARN__DUPLICATE_METHOD_MATCH = YES;
				CODE_SIGN_IDENTITY = "iPhone Distribution: UFIDA Software Co., Ltd";
				"CODE_SIGN_IDENTITY[sdk=iphoneos*]" = "iPhone Distribution: UFIDA Software Co., Ltd";
				COPY_PHASE_STRIP = YES;
				ENABLE_NS_ASSERTIONS = NO;
				GCC_C_LANGUAGE_STANDARD = gnu99;
				GCC_WARN_64_TO_32_BIT_CONVERSION = YES;
				GCC_WARN_ABOUT_RETURN_TYPE = YES_ERROR;
				GCC_WARN_UNDECLARED_SELECTOR = YES;
				GCC_WARN_UNINITIALIZED_AUTOS = YES;
				GCC_WARN_UNUSED_FUNCTION = YES;
				GCC_WARN_UNUSED_VARIABLE = YES;
				IPHONEOS_DEPLOYMENT_TARGET = 5.1;
				SDKROOT = iphoneos;
				TARGETED_DEVICE_FAMILY = "1,2";
				VALIDATE_PRODUCT = YES;
			};
			name = Distribution;
		};
		76D99F2018B339E9004A9055 /* Distribution */ = {
			isa = XCBuildConfiguration;
			buildSettings = {
				ASSETCATALOG_COMPILER_APPICON_NAME = AppIcon;
				ASSETCATALOG_COMPILER_LAUNCHIMAGE_NAME = LaunchImage;
				CODE_SIGN_IDENTITY = "iPhone Distribution";
				"CODE_SIGN_IDENTITY[sdk=*]" = "iPhone Distribution";
				GCC_PRECOMPILE_PREFIX_HEADER = YES;
				GCC_PREFIX_HEADER = "BQMobile/BQMobile-Prefix.pch";
				HEADER_SEARCH_PATHS = (
					"$(inherited)",
					/Applications/Xcode.app/Contents/Developer/Toolchains/XcodeDefault.xctoolchain/usr/include,
					"${SDK_DIR}/usr/include/libxml2",
				);
				INFOPLIST_FILE = "BQMobile/BQMobile-Info.plist";
				LIBRARY_SEARCH_PATHS = (
					"$(inherited)",
					"/Users/panbasten/Desktop/WorkSpace/a/Bin/BQMobile/Build/Products/Debug-iphoneos",
				);
				PRODUCT_NAME = "$(TARGET_NAME)";
				VALID_ARCHS = "arm64 armv7 armv7s";
				WRAPPER_EXTENSION = app;
			};
			name = Distribution;
		};
		76D99F2118B339E9004A9055 /* Distribution */ = {
			isa = XCBuildConfiguration;
			buildSettings = {
				BUNDLE_LOADER = "$(BUILT_PRODUCTS_DIR)/BQMobile.app/BQMobile";
				FRAMEWORK_SEARCH_PATHS = (
					"$(SDKROOT)/Developer/Library/Frameworks",
					"$(inherited)",
					"$(DEVELOPER_FRAMEWORKS_DIR)",
				);
				GCC_PRECOMPILE_PREFIX_HEADER = YES;
				GCC_PREFIX_HEADER = "BQMobile/BQMobile-Prefix.pch";
				INFOPLIST_FILE = "BQMobileTests/BQMobileTests-Info.plist";
				PRODUCT_NAME = "$(TARGET_NAME)";
				TEST_HOST = "$(BUNDLE_LOADER)";
				WRAPPER_EXTENSION = xctest;
			};
			name = Distribution;
		};
/* End XCBuildConfiguration section */

/* Begin XCConfigurationList section */
		76D99E6B18B33643004A9055 /* Build configuration list for PBXProject "BQMobile" */ = {
			isa = XCConfigurationList;
			buildConfigurations = (
				76D99E9A18B33644004A9055 /* Debug */,
				76D99E9B18B33644004A9055 /* Release */,
				76D99F1F18B339E9004A9055 /* Distribution */,
			);
			defaultConfigurationIsVisible = 0;
			defaultConfigurationName = Release;
		};
		76D99E9C18B33644004A9055 /* Build configuration list for PBXNativeTarget "BQMobile" */ = {
			isa = XCConfigurationList;
			buildConfigurations = (
				76D99E9D18B33644004A9055 /* Debug */,
				76D99E9E18B33644004A9055 /* Release */,
				76D99F2018B339E9004A9055 /* Distribution */,
			);
			defaultConfigurationIsVisible = 0;
			defaultConfigurationName = Release;
		};
		76D99E9F18B33644004A9055 /* Build configuration list for PBXNativeTarget "BQMobileTests" */ = {
			isa = XCConfigurationList;
			buildConfigurations = (
				76D99EA018B33644004A9055 /* Debug */,
				76D99EA118B33644004A9055 /* Release */,
				76D99F2118B339E9004A9055 /* Distribution */,
			);
			defaultConfigurationIsVisible = 0;
			defaultConfigurationName = Release;
		};
/* End XCConfigurationList section */
	};
	rootObject = 76D99E6818B33643004A9055 /* Project object */;
}
