// !$*UTF8*$!
{
	archiveVersion = 1;
	classes = {
	};
	objectVersion = 46;
	objects = {

/* Begin PBXBuildFile section */
		042D213518E2CFC000E4354C /* MSSlidingPanelController.m in Sources */ = {isa = PBXBuildFile; fileRef = 042D213218E2CFC000E4354C /* MSSlidingPanelController.m */; };
		042D213618E2CFC000E4354C /* MSViewControllerSlidingPanel.m in Sources */ = {isa = PBXBuildFile; fileRef = 042D213418E2CFC000E4354C /* MSViewControllerSlidingPanel.m */; };
		042D214218E31E3100E4354C /* SidePanelViewController.m in Sources */ = {isa = PBXBuildFile; fileRef = 042D214118E31E3100E4354C /* SidePanelViewController.m */; };
		042D214818E31EC200E4354C /* TableViewItem.m in Sources */ = {isa = PBXBuildFile; fileRef = 042D214518E31EC200E4354C /* TableViewItem.m */; };
		042D214918E31EC200E4354C /* TableViewSection.m in Sources */ = {isa = PBXBuildFile; fileRef = 042D214718E31EC200E4354C /* TableViewSection.m */; };
		042D214C18E31EEC00E4354C /* Color.m in Sources */ = {isa = PBXBuildFile; fileRef = 042D214B18E31EEC00E4354C /* Color.m */; };
		042D215518E3206200E4354C /* BQNavigationViewController.m in Sources */ = {isa = PBXBuildFile; fileRef = 042D214E18E3206200E4354C /* BQNavigationViewController.m */; };
		042D215618E3206200E4354C /* BQLeftSidePanelViewController.m in Sources */ = {isa = PBXBuildFile; fileRef = 042D215018E3206200E4354C /* BQLeftSidePanelViewController.m */; };
		042D215718E3206200E4354C /* BQLeftSidePanelViewModel.m in Sources */ = {isa = PBXBuildFile; fileRef = 042D215218E3206200E4354C /* BQLeftSidePanelViewModel.m */; };
		042D215818E3206200E4354C /* BQIpadHomeViewController.m in Sources */ = {isa = PBXBuildFile; fileRef = 042D215418E3206200E4354C /* BQIpadHomeViewController.m */; };
		042D215B18E320D800E4354C /* NavigationBarButton.m in Sources */ = {isa = PBXBuildFile; fileRef = 042D215A18E320D800E4354C /* NavigationBarButton.m */; };
		042D366418E3F55400E4354C /* BQSettingPanelViewController.m in Sources */ = {isa = PBXBuildFile; fileRef = 042D366318E3F55400E4354C /* BQSettingPanelViewController.m */; };
		043B781018E54D1E0024E51B /* BQContentViewController.m in Sources */ = {isa = PBXBuildFile; fileRef = 043B780F18E54D1E0024E51B /* BQContentViewController.m */; };
		043B781318E5691C0024E51B /* BQTopicNavigationViewController.m in Sources */ = {isa = PBXBuildFile; fileRef = 043B781218E5691C0024E51B /* BQTopicNavigationViewController.m */; };
		043B781618E56C4D0024E51B /* BQEventDispatchManager.m in Sources */ = {isa = PBXBuildFile; fileRef = 043B781518E56C4D0024E51B /* BQEventDispatchManager.m */; };
		043B781918E8EE7F0024E51B /* BQFunctionViewController.m in Sources */ = {isa = PBXBuildFile; fileRef = 043B781818E8EE7F0024E51B /* BQFunctionViewController.m */; };
		04D67B4318E903B40052CA60 /* BQCommonPanelViewController.m in Sources */ = {isa = PBXBuildFile; fileRef = 04D67B4218E903B40052CA60 /* BQCommonPanelViewController.m */; };
		7615ECB518B346FF00F1E344 /* libBQDashboard.a in Frameworks */ = {isa = PBXBuildFile; fileRef = 7615ECB418B346FF00F1E344 /* libBQDashboard.a */; };
		76234A6418C3851900FE3894 /* application.cfg in Resources */ = {isa = PBXBuildFile; fileRef = 76234A6318C3851900FE3894 /* application.cfg */; };
		76315D5718E0027A00199AFD /* CFNetwork.framework in Frameworks */ = {isa = PBXBuildFile; fileRef = 76315D5618E0027A00199AFD /* CFNetwork.framework */; };
		76315D5918E0028E00199AFD /* MobileCoreServices.framework in Frameworks */ = {isa = PBXBuildFile; fileRef = 76315D5818E0028E00199AFD /* MobileCoreServices.framework */; };
		76315D5B18E0029A00199AFD /* SystemConfiguration.framework in Frameworks */ = {isa = PBXBuildFile; fileRef = 76315D5A18E0029A00199AFD /* SystemConfiguration.framework */; };
		76315D5D18E002AD00199AFD /* libxml2.dylib in Frameworks */ = {isa = PBXBuildFile; fileRef = 76315D5C18E002AD00199AFD /* libxml2.dylib */; };
		76315D5F18E002B700199AFD /* libz.dylib in Frameworks */ = {isa = PBXBuildFile; fileRef = 76315D5E18E002B700199AFD /* libz.dylib */; };
		76A7339E18E45B4A00DB6F8A /* BQAnalysisTopicController.m in Sources */ = {isa = PBXBuildFile; fileRef = 76A7339D18E45B4A00DB6F8A /* BQAnalysisTopicController.m */; };
		76A733A118E4622A00DB6F8A /* BQAnalysisTopicView.m in Sources */ = {isa = PBXBuildFile; fileRef = 76A733A018E4622A00DB6F8A /* BQAnalysisTopicView.m */; };
		76A733A318E463BF00DB6F8A /* Chart.bundle in Resources */ = {isa = PBXBuildFile; fileRef = 76A733A218E463BF00DB6F8A /* Chart.bundle */; };
		76AC1E1218C23B8A0063ED32 /* BQIpadLoginController.m in Sources */ = {isa = PBXBuildFile; fileRef = 76AC1E1118C23B8A0063ED32 /* BQIpadLoginController.m */; };
		76AC1E1518C23CCB0063ED32 /* BQIpadLoginView.m in Sources */ = {isa = PBXBuildFile; fileRef = 76AC1E1418C23CCB0063ED32 /* BQIpadLoginView.m */; };
		76AC1E2218C279980063ED32 /* BQLoginController.m in Sources */ = {isa = PBXBuildFile; fileRef = 76AC1E2118C279980063ED32 /* BQLoginController.m */; };
		76B07C3F18D92C30000FA58B /* BQCommonUI.m in Sources */ = {isa = PBXBuildFile; fileRef = 76B07C3E18D92C30000FA58B /* BQCommonUI.m */; };
		76B07C4218D93EA4000FA58B /* BQLoadView.m in Sources */ = {isa = PBXBuildFile; fileRef = 76B07C4118D93EA4000FA58B /* BQLoadView.m */; };
		76B0E2FC18C2DEAA00C5C219 /* Style.bundle in Resources */ = {isa = PBXBuildFile; fileRef = 76B0E2FA18C2DEAA00C5C219 /* Style.bundle */; };
		76B0E2FD18C2DEAA00C5C219 /* UFExpress.bundle in Resources */ = {isa = PBXBuildFile; fileRef = 76B0E2FB18C2DEAA00C5C219 /* UFExpress.bundle */; };
		76B0E30618C2F24400C5C219 /* BQNavigationController.m in Sources */ = {isa = PBXBuildFile; fileRef = 76B0E30518C2F24400C5C219 /* BQNavigationController.m */; };
		76D99E7418B33643004A9055 /* Foundation.framework in Frameworks */ = {isa = PBXBuildFile; fileRef = 76D99E7318B33643004A9055 /* Foundation.framework */; };
		76D99E7618B33643004A9055 /* CoreGraphics.framework in Frameworks */ = {isa = PBXBuildFile; fileRef = 76D99E7518B33643004A9055 /* CoreGraphics.framework */; };
		76D99E7818B33643004A9055 /* UIKit.framework in Frameworks */ = {isa = PBXBuildFile; fileRef = 76D99E7718B33643004A9055 /* UIKit.framework */; };
		76D99E7E18B33643004A9055 /* InfoPlist.strings in Resources */ = {isa = PBXBuildFile; fileRef = 76D99E7C18B33643004A9055 /* InfoPlist.strings */; };
		76D99E8018B33643004A9055 /* main.m in Sources */ = {isa = PBXBuildFile; fileRef = 76D99E7F18B33643004A9055 /* main.m */; };
		76D99E8418B33643004A9055 /* BQAppDelegate.m in Sources */ = {isa = PBXBuildFile; fileRef = 76D99E8318B33643004A9055 /* BQAppDelegate.m */; };
		76D99E8618B33643004A9055 /* Images.xcassets in Resources */ = {isa = PBXBuildFile; fileRef = 76D99E8518B33643004A9055 /* Images.xcassets */; };
		76D99E8D18B33643004A9055 /* XCTest.framework in Frameworks */ = {isa = PBXBuildFile; fileRef = 76D99E8C18B33643004A9055 /* XCTest.framework */; };
		76D99E8E18B33643004A9055 /* Foundation.framework in Frameworks */ = {isa = PBXBuildFile; fileRef = 76D99E7318B33643004A9055 /* Foundation.framework */; };
		76D99E8F18B33643004A9055 /* UIKit.framework in Frameworks */ = {isa = PBXBuildFile; fileRef = 76D99E7718B33643004A9055 /* UIKit.framework */; };
		76D99E9718B33644004A9055 /* InfoPlist.strings in Resources */ = {isa = PBXBuildFile; fileRef = 76D99E9518B33644004A9055 /* InfoPlist.strings */; };
		76D99E9918B33644004A9055 /* BQMobileTests.m in Sources */ = {isa = PBXBuildFile; fileRef = 76D99E9818B33644004A9055 /* BQMobileTests.m */; };
		76D99F1018B33757004A9055 /* libBQCore.a in Frameworks */ = {isa = PBXBuildFile; fileRef = 76D99F0F18B33757004A9055 /* libBQCore.a */; };
		76F284CF18E666BF00976CF6 /* BQComponentView.m in Sources */ = {isa = PBXBuildFile; fileRef = 76F284CE18E666BF00976CF6 /* BQComponentView.m */; };
		76F284ED18E7F67400976CF6 /* BQTemplateResolver.m in Sources */ = {isa = PBXBuildFile; fileRef = 76F284EC18E7F67400976CF6 /* BQTemplateResolver.m */; };
		76FDF71918E3C0DF004598D3 /* BQAlertView.m in Sources */ = {isa = PBXBuildFile; fileRef = 76FDF71818E3C0DF004598D3 /* BQAlertView.m */; };
		76FDF71F18E40A58004598D3 /* BQView.m in Sources */ = {isa = PBXBuildFile; fileRef = 76FDF71E18E40A58004598D3 /* BQView.m */; };
/* End PBXBuildFile section */

/* Begin PBXContainerItemProxy section */
		76D99E9018B33644004A9055 /* PBXContainerItemProxy */ = {
			isa = PBXContainerItemProxy;
			containerPortal = 76D99E6818B33643004A9055 /* Project object */;
			proxyType = 1;
			remoteGlobalIDString = 76D99E6F18B33643004A9055;
			remoteInfo = BQMobile;
		};
/* End PBXContainerItemProxy section */

/* Begin PBXFileReference section */
		042D213118E2CFC000E4354C /* MSSlidingPanelController.h */ = {isa = PBXFileReference; fileEncoding = 4; lastKnownFileType = sourcecode.c.h; path = MSSlidingPanelController.h; sourceTree = "<group>"; };
		042D213218E2CFC000E4354C /* MSSlidingPanelController.m */ = {isa = PBXFileReference; fileEncoding = 4; lastKnownFileType = sourcecode.c.objc; path = MSSlidingPanelController.m; sourceTree = "<group>"; };
		042D213318E2CFC000E4354C /* MSViewControllerSlidingPanel.h */ = {isa = PBXFileReference; fileEncoding = 4; lastKnownFileType = sourcecode.c.h; path = MSViewControllerSlidingPanel.h; sourceTree = "<group>"; };
		042D213418E2CFC000E4354C /* MSViewControllerSlidingPanel.m */ = {isa = PBXFileReference; fileEncoding = 4; lastKnownFileType = sourcecode.c.objc; path = MSViewControllerSlidingPanel.m; sourceTree = "<group>"; };
		042D214018E31E3100E4354C /* SidePanelViewController.h */ = {isa = PBXFileReference; fileEncoding = 4; lastKnownFileType = sourcecode.c.h; path = SidePanelViewController.h; sourceTree = "<group>"; };
		042D214118E31E3100E4354C /* SidePanelViewController.m */ = {isa = PBXFileReference; fileEncoding = 4; lastKnownFileType = sourcecode.c.objc; path = SidePanelViewController.m; sourceTree = "<group>"; };
		042D214318E31E6C00E4354C /* TableViewDataSourceDelegate.h */ = {isa = PBXFileReference; fileEncoding = 4; lastKnownFileType = sourcecode.c.h; path = TableViewDataSourceDelegate.h; sourceTree = "<group>"; };
		042D214418E31EC200E4354C /* TableViewItem.h */ = {isa = PBXFileReference; fileEncoding = 4; lastKnownFileType = sourcecode.c.h; path = TableViewItem.h; sourceTree = "<group>"; };
		042D214518E31EC200E4354C /* TableViewItem.m */ = {isa = PBXFileReference; fileEncoding = 4; lastKnownFileType = sourcecode.c.objc; path = TableViewItem.m; sourceTree = "<group>"; };
		042D214618E31EC200E4354C /* TableViewSection.h */ = {isa = PBXFileReference; fileEncoding = 4; lastKnownFileType = sourcecode.c.h; path = TableViewSection.h; sourceTree = "<group>"; };
		042D214718E31EC200E4354C /* TableViewSection.m */ = {isa = PBXFileReference; fileEncoding = 4; lastKnownFileType = sourcecode.c.objc; path = TableViewSection.m; sourceTree = "<group>"; };
		042D214A18E31EEC00E4354C /* Color.h */ = {isa = PBXFileReference; fileEncoding = 4; lastKnownFileType = sourcecode.c.h; path = Color.h; sourceTree = "<group>"; };
		042D214B18E31EEC00E4354C /* Color.m */ = {isa = PBXFileReference; fileEncoding = 4; lastKnownFileType = sourcecode.c.objc; path = Color.m; sourceTree = "<group>"; };
		042D214D18E3206200E4354C /* BQNavigationViewController.h */ = {isa = PBXFileReference; fileEncoding = 4; lastKnownFileType = sourcecode.c.h; path = BQNavigationViewController.h; sourceTree = "<group>"; };
		042D214E18E3206200E4354C /* BQNavigationViewController.m */ = {isa = PBXFileReference; fileEncoding = 4; lastKnownFileType = sourcecode.c.objc; path = BQNavigationViewController.m; sourceTree = "<group>"; };
		042D214F18E3206200E4354C /* BQLeftSidePanelViewController.h */ = {isa = PBXFileReference; fileEncoding = 4; lastKnownFileType = sourcecode.c.h; path = BQLeftSidePanelViewController.h; sourceTree = "<group>"; };
		042D215018E3206200E4354C /* BQLeftSidePanelViewController.m */ = {isa = PBXFileReference; fileEncoding = 4; lastKnownFileType = sourcecode.c.objc; path = BQLeftSidePanelViewController.m; sourceTree = "<group>"; };
		042D215118E3206200E4354C /* BQLeftSidePanelViewModel.h */ = {isa = PBXFileReference; fileEncoding = 4; lastKnownFileType = sourcecode.c.h; path = BQLeftSidePanelViewModel.h; sourceTree = "<group>"; };
		042D215218E3206200E4354C /* BQLeftSidePanelViewModel.m */ = {isa = PBXFileReference; fileEncoding = 4; lastKnownFileType = sourcecode.c.objc; path = BQLeftSidePanelViewModel.m; sourceTree = "<group>"; };
		042D215318E3206200E4354C /* BQIpadHomeViewController.h */ = {isa = PBXFileReference; fileEncoding = 4; lastKnownFileType = sourcecode.c.h; path = BQIpadHomeViewController.h; sourceTree = "<group>"; };
		042D215418E3206200E4354C /* BQIpadHomeViewController.m */ = {isa = PBXFileReference; fileEncoding = 4; lastKnownFileType = sourcecode.c.objc; path = BQIpadHomeViewController.m; sourceTree = "<group>"; };
		042D215918E320D800E4354C /* NavigationBarButton.h */ = {isa = PBXFileReference; fileEncoding = 4; lastKnownFileType = sourcecode.c.h; path = NavigationBarButton.h; sourceTree = "<group>"; };
		042D215A18E320D800E4354C /* NavigationBarButton.m */ = {isa = PBXFileReference; fileEncoding = 4; lastKnownFileType = sourcecode.c.objc; path = NavigationBarButton.m; sourceTree = "<group>"; };
		042D362018E3BF9200E4354C /* BQDashboard.h */ = {isa = PBXFileReference; fileEncoding = 4; lastKnownFileType = sourcecode.c.h; path = BQDashboard.h; sourceTree = "<group>"; };
		042D366218E3F55400E4354C /* BQSettingPanelViewController.h */ = {isa = PBXFileReference; fileEncoding = 4; lastKnownFileType = sourcecode.c.h; path = BQSettingPanelViewController.h; sourceTree = "<group>"; };
		042D366318E3F55400E4354C /* BQSettingPanelViewController.m */ = {isa = PBXFileReference; fileEncoding = 4; lastKnownFileType = sourcecode.c.objc; path = BQSettingPanelViewController.m; sourceTree = "<group>"; };
		043B780E18E54D1E0024E51B /* BQContentViewController.h */ = {isa = PBXFileReference; fileEncoding = 4; lastKnownFileType = sourcecode.c.h; path = BQContentViewController.h; sourceTree = "<group>"; };
		043B780F18E54D1E0024E51B /* BQContentViewController.m */ = {isa = PBXFileReference; fileEncoding = 4; lastKnownFileType = sourcecode.c.objc; path = BQContentViewController.m; sourceTree = "<group>"; };
		043B781118E5691C0024E51B /* BQTopicNavigationViewController.h */ = {isa = PBXFileReference; fileEncoding = 4; lastKnownFileType = sourcecode.c.h; path = BQTopicNavigationViewController.h; sourceTree = "<group>"; };
		043B781218E5691C0024E51B /* BQTopicNavigationViewController.m */ = {isa = PBXFileReference; fileEncoding = 4; lastKnownFileType = sourcecode.c.objc; path = BQTopicNavigationViewController.m; sourceTree = "<group>"; };
		043B781418E56C4D0024E51B /* BQEventDispatchManager.h */ = {isa = PBXFileReference; fileEncoding = 4; lastKnownFileType = sourcecode.c.h; path = BQEventDispatchManager.h; sourceTree = "<group>"; };
		043B781518E56C4D0024E51B /* BQEventDispatchManager.m */ = {isa = PBXFileReference; fileEncoding = 4; lastKnownFileType = sourcecode.c.objc; path = BQEventDispatchManager.m; sourceTree = "<group>"; };
		043B781718E8EE7E0024E51B /* BQFunctionViewController.h */ = {isa = PBXFileReference; fileEncoding = 4; lastKnownFileType = sourcecode.c.h; path = BQFunctionViewController.h; sourceTree = "<group>"; };
		043B781818E8EE7F0024E51B /* BQFunctionViewController.m */ = {isa = PBXFileReference; fileEncoding = 4; lastKnownFileType = sourcecode.c.objc; path = BQFunctionViewController.m; sourceTree = "<group>"; };
		04D67B4118E903B40052CA60 /* BQCommonPanelViewController.h */ = {isa = PBXFileReference; fileEncoding = 4; lastKnownFileType = sourcecode.c.h; path = BQCommonPanelViewController.h; sourceTree = "<group>"; };
		04D67B4218E903B40052CA60 /* BQCommonPanelViewController.m */ = {isa = PBXFileReference; fileEncoding = 4; lastKnownFileType = sourcecode.c.objc; path = BQCommonPanelViewController.m; sourceTree = "<group>"; };
		7615ECB418B346FF00F1E344 /* libBQDashboard.a */ = {isa = PBXFileReference; lastKnownFileType = archive.ar; name = libBQDashboard.a; path = "../Bin/BQMobile/Build/Products/Debug-iphoneos/libBQDashboard.a"; sourceTree = "<group>"; };
		76234A6318C3851900FE3894 /* application.cfg */ = {isa = PBXFileReference; fileEncoding = 4; lastKnownFileType = text; name = application.cfg; path = Bundles/application.cfg; sourceTree = SOURCE_ROOT; };
		76315D5618E0027A00199AFD /* CFNetwork.framework */ = {isa = PBXFileReference; lastKnownFileType = wrapper.framework; name = CFNetwork.framework; path = System/Library/Frameworks/CFNetwork.framework; sourceTree = SDKROOT; };
		76315D5818E0028E00199AFD /* MobileCoreServices.framework */ = {isa = PBXFileReference; lastKnownFileType = wrapper.framework; name = MobileCoreServices.framework; path = System/Library/Frameworks/MobileCoreServices.framework; sourceTree = SDKROOT; };
		76315D5A18E0029A00199AFD /* SystemConfiguration.framework */ = {isa = PBXFileReference; lastKnownFileType = wrapper.framework; name = SystemConfiguration.framework; path = System/Library/Frameworks/SystemConfiguration.framework; sourceTree = SDKROOT; };
		76315D5C18E002AD00199AFD /* libxml2.dylib */ = {isa = PBXFileReference; lastKnownFileType = "compiled.mach-o.dylib"; name = libxml2.dylib; path = usr/lib/libxml2.dylib; sourceTree = SDKROOT; };
		76315D5E18E002B700199AFD /* libz.dylib */ = {isa = PBXFileReference; lastKnownFileType = "compiled.mach-o.dylib"; name = libz.dylib; path = usr/lib/libz.dylib; sourceTree = SDKROOT; };
		76A7339C18E45B4A00DB6F8A /* BQAnalysisTopicController.h */ = {isa = PBXFileReference; fileEncoding = 4; lastKnownFileType = sourcecode.c.h; path = BQAnalysisTopicController.h; sourceTree = "<group>"; };
		76A7339D18E45B4A00DB6F8A /* BQAnalysisTopicController.m */ = {isa = PBXFileReference; fileEncoding = 4; lastKnownFileType = sourcecode.c.objc; path = BQAnalysisTopicController.m; sourceTree = "<group>"; };
		76A7339F18E4622A00DB6F8A /* BQAnalysisTopicView.h */ = {isa = PBXFileReference; fileEncoding = 4; lastKnownFileType = sourcecode.c.h; path = BQAnalysisTopicView.h; sourceTree = "<group>"; };
		76A733A018E4622A00DB6F8A /* BQAnalysisTopicView.m */ = {isa = PBXFileReference; fileEncoding = 4; lastKnownFileType = sourcecode.c.objc; path = BQAnalysisTopicView.m; sourceTree = "<group>"; };
		76A733A218E463BF00DB6F8A /* Chart.bundle */ = {isa = PBXFileReference; lastKnownFileType = "wrapper.plug-in"; name = Chart.bundle; path = Bundles/Chart.bundle; sourceTree = SOURCE_ROOT; };
		76AC1E1018C23B8A0063ED32 /* BQIpadLoginController.h */ = {isa = PBXFileReference; fileEncoding = 4; lastKnownFileType = sourcecode.c.h; path = BQIpadLoginController.h; sourceTree = "<group>"; };
		76AC1E1118C23B8A0063ED32 /* BQIpadLoginController.m */ = {isa = PBXFileReference; fileEncoding = 4; lastKnownFileType = sourcecode.c.objc; path = BQIpadLoginController.m; sourceTree = "<group>"; };
		76AC1E1318C23CCB0063ED32 /* BQIpadLoginView.h */ = {isa = PBXFileReference; fileEncoding = 4; lastKnownFileType = sourcecode.c.h; path = BQIpadLoginView.h; sourceTree = "<group>"; };
		76AC1E1418C23CCB0063ED32 /* BQIpadLoginView.m */ = {isa = PBXFileReference; fileEncoding = 4; lastKnownFileType = sourcecode.c.objc; path = BQIpadLoginView.m; sourceTree = "<group>"; };
		76AC1E2018C279980063ED32 /* BQLoginController.h */ = {isa = PBXFileReference; fileEncoding = 4; lastKnownFileType = sourcecode.c.h; path = BQLoginController.h; sourceTree = "<group>"; };
		76AC1E2118C279980063ED32 /* BQLoginController.m */ = {isa = PBXFileReference; fileEncoding = 4; lastKnownFileType = sourcecode.c.objc; path = BQLoginController.m; sourceTree = "<group>"; };
		76B07C3D18D92C30000FA58B /* BQCommonUI.h */ = {isa = PBXFileReference; fileEncoding = 4; lastKnownFileType = sourcecode.c.h; path = BQCommonUI.h; sourceTree = "<group>"; };
		76B07C3E18D92C30000FA58B /* BQCommonUI.m */ = {isa = PBXFileReference; fileEncoding = 4; lastKnownFileType = sourcecode.c.objc; path = BQCommonUI.m; sourceTree = "<group>"; };
		76B07C4018D93EA4000FA58B /* BQLoadView.h */ = {isa = PBXFileReference; fileEncoding = 4; lastKnownFileType = sourcecode.c.h; path = BQLoadView.h; sourceTree = "<group>"; };
		76B07C4118D93EA4000FA58B /* BQLoadView.m */ = {isa = PBXFileReference; fileEncoding = 4; lastKnownFileType = sourcecode.c.objc; path = BQLoadView.m; sourceTree = "<group>"; };
		76B0D95F18E847A400D43C45 /* XMLUtils.h */ = {isa = PBXFileReference; lastKnownFileType = sourcecode.c.h; path = XMLUtils.h; sourceTree = "<group>"; };
		76B0E2FA18C2DEAA00C5C219 /* Style.bundle */ = {isa = PBXFileReference; lastKnownFileType = "wrapper.plug-in"; name = Style.bundle; path = Bundles/Style.bundle; sourceTree = SOURCE_ROOT; };
		76B0E2FB18C2DEAA00C5C219 /* UFExpress.bundle */ = {isa = PBXFileReference; lastKnownFileType = "wrapper.plug-in"; name = UFExpress.bundle; path = Bundles/UFExpress.bundle; sourceTree = SOURCE_ROOT; };
		76B0E30418C2F24400C5C219 /* BQNavigationController.h */ = {isa = PBXFileReference; fileEncoding = 4; lastKnownFileType = sourcecode.c.h; path = BQNavigationController.h; sourceTree = "<group>"; };
		76B0E30518C2F24400C5C219 /* BQNavigationController.m */ = {isa = PBXFileReference; fileEncoding = 4; lastKnownFileType = sourcecode.c.objc; path = BQNavigationController.m; sourceTree = "<group>"; };
		76D99E7018B33643004A9055 /* BQMobile.app */ = {isa = PBXFileReference; explicitFileType = wrapper.application; includeInIndex = 0; path = BQMobile.app; sourceTree = BUILT_PRODUCTS_DIR; };
		76D99E7318B33643004A9055 /* Foundation.framework */ = {isa = PBXFileReference; lastKnownFileType = wrapper.framework; name = Foundation.framework; path = System/Library/Frameworks/Foundation.framework; sourceTree = SDKROOT; };
		76D99E7518B33643004A9055 /* CoreGraphics.framework */ = {isa = PBXFileReference; lastKnownFileType = wrapper.framework; name = CoreGraphics.framework; path = System/Library/Frameworks/CoreGraphics.framework; sourceTree = SDKROOT; };
		76D99E7718B33643004A9055 /* UIKit.framework */ = {isa = PBXFileReference; lastKnownFileType = wrapper.framework; name = UIKit.framework; path = System/Library/Frameworks/UIKit.framework; sourceTree = SDKROOT; };
		76D99E7B18B33643004A9055 /* BQMobile-Info.plist */ = {isa = PBXFileReference; lastKnownFileType = text.plist.xml; path = "BQMobile-Info.plist"; sourceTree = "<group>"; };
		76D99E7D18B33643004A9055 /* en */ = {isa = PBXFileReference; lastKnownFileType = text.plist.strings; name = en; path = en.lproj/InfoPlist.strings; sourceTree = "<group>"; };
		76D99E7F18B33643004A9055 /* main.m */ = {isa = PBXFileReference; lastKnownFileType = sourcecode.c.objc; path = main.m; sourceTree = "<group>"; };
		76D99E8118B33643004A9055 /* BQMobile-Prefix.pch */ = {isa = PBXFileReference; lastKnownFileType = sourcecode.c.h; path = "BQMobile-Prefix.pch"; sourceTree = "<group>"; };
		76D99E8218B33643004A9055 /* BQAppDelegate.h */ = {isa = PBXFileReference; lastKnownFileType = sourcecode.c.h; path = BQAppDelegate.h; sourceTree = "<group>"; };
		76D99E8318B33643004A9055 /* BQAppDelegate.m */ = {isa = PBXFileReference; lastKnownFileType = sourcecode.c.objc; path = BQAppDelegate.m; sourceTree = "<group>"; };
		76D99E8518B33643004A9055 /* Images.xcassets */ = {isa = PBXFileReference; lastKnownFileType = folder.assetcatalog; path = Images.xcassets; sourceTree = "<group>"; };
		76D99E8B18B33643004A9055 /* BQMobileTests.xctest */ = {isa = PBXFileReference; explicitFileType = wrapper.cfbundle; includeInIndex = 0; path = BQMobileTests.xctest; sourceTree = BUILT_PRODUCTS_DIR; };
		76D99E8C18B33643004A9055 /* XCTest.framework */ = {isa = PBXFileReference; lastKnownFileType = wrapper.framework; name = XCTest.framework; path = Library/Frameworks/XCTest.framework; sourceTree = DEVELOPER_DIR; };
		76D99E9418B33644004A9055 /* BQMobileTests-Info.plist */ = {isa = PBXFileReference; lastKnownFileType = text.plist.xml; path = "BQMobileTests-Info.plist"; sourceTree = "<group>"; };
		76D99E9618B33644004A9055 /* en */ = {isa = PBXFileReference; lastKnownFileType = text.plist.strings; name = en; path = en.lproj/InfoPlist.strings; sourceTree = "<group>"; };
		76D99E9818B33644004A9055 /* BQMobileTests.m */ = {isa = PBXFileReference; lastKnownFileType = sourcecode.c.objc; path = BQMobileTests.m; sourceTree = "<group>"; };
		76D99F0F18B33757004A9055 /* libBQCore.a */ = {isa = PBXFileReference; lastKnownFileType = archive.ar; name = libBQCore.a; path = "../Bin/BQMobile/Build/Products/Debug-iphoneos/libBQCore.a"; sourceTree = "<group>"; };
		76F284CD18E666BF00976CF6 /* BQComponentView.h */ = {isa = PBXFileReference; fileEncoding = 4; lastKnownFileType = sourcecode.c.h; path = BQComponentView.h; sourceTree = "<group>"; };
		76F284CE18E666BF00976CF6 /* BQComponentView.m */ = {isa = PBXFileReference; fileEncoding = 4; lastKnownFileType = sourcecode.c.objc; path = BQComponentView.m; sourceTree = "<group>"; };
		76F284DE18E7954E00976CF6 /* BQContext.h */ = {isa = PBXFileReference; fileEncoding = 4; lastKnownFileType = sourcecode.c.h; path = BQContext.h; sourceTree = "<group>"; };
		76F284DF18E7954E00976CF6 /* BQCore.h */ = {isa = PBXFileReference; fileEncoding = 4; lastKnownFileType = sourcecode.c.h; path = BQCore.h; sourceTree = "<group>"; };
		76F284E018E7954E00976CF6 /* BQServerAccess.h */ = {isa = PBXFileReference; fileEncoding = 4; lastKnownFileType = sourcecode.c.h; path = BQServerAccess.h; sourceTree = "<group>"; };
		76F284E118E7954E00976CF6 /* BQViewOperateModel.h */ = {isa = PBXFileReference; fileEncoding = 4; lastKnownFileType = sourcecode.c.h; path = BQViewOperateModel.h; sourceTree = "<group>"; };
		76F284E218E7954E00976CF6 /* Common.h */ = {isa = PBXFileReference; fileEncoding = 4; lastKnownFileType = sourcecode.c.h; path = Common.h; sourceTree = "<group>"; };
		76F284E318E7954E00976CF6 /* ElTool.h */ = {isa = PBXFileReference; fileEncoding = 4; lastKnownFileType = sourcecode.c.h; path = ElTool.h; sourceTree = "<group>"; };
		76F284E418E7954E00976CF6 /* FSUtils.h */ = {isa = PBXFileReference; fileEncoding = 4; lastKnownFileType = sourcecode.c.h; path = FSUtils.h; sourceTree = "<group>"; };
		76F284E518E7954F00976CF6 /* GDataXMLNode.h */ = {isa = PBXFileReference; fileEncoding = 4; lastKnownFileType = sourcecode.c.h; path = GDataXMLNode.h; sourceTree = "<group>"; };
		76F284E618E7954F00976CF6 /* PropertyUtils.h */ = {isa = PBXFileReference; fileEncoding = 4; lastKnownFileType = sourcecode.c.h; path = PropertyUtils.h; sourceTree = "<group>"; };
		76F284E718E7954F00976CF6 /* WebUtils.h */ = {isa = PBXFileReference; fileEncoding = 4; lastKnownFileType = sourcecode.c.h; path = WebUtils.h; sourceTree = "<group>"; };
		76F284EB18E7F67400976CF6 /* BQTemplateResolver.h */ = {isa = PBXFileReference; fileEncoding = 4; lastKnownFileType = sourcecode.c.h; path = BQTemplateResolver.h; sourceTree = "<group>"; };
		76F284EC18E7F67400976CF6 /* BQTemplateResolver.m */ = {isa = PBXFileReference; fileEncoding = 4; lastKnownFileType = sourcecode.c.objc; path = BQTemplateResolver.m; sourceTree = "<group>"; };
		76FDF71718E3C0DF004598D3 /* BQAlertView.h */ = {isa = PBXFileReference; fileEncoding = 4; lastKnownFileType = sourcecode.c.h; path = BQAlertView.h; sourceTree = "<group>"; };
		76FDF71818E3C0DF004598D3 /* BQAlertView.m */ = {isa = PBXFileReference; fileEncoding = 4; lastKnownFileType = sourcecode.c.objc; path = BQAlertView.m; sourceTree = "<group>"; };
		76FDF71D18E40A58004598D3 /* BQView.h */ = {isa = PBXFileReference; fileEncoding = 4; lastKnownFileType = sourcecode.c.h; path = BQView.h; sourceTree = "<group>"; };
		76FDF71E18E40A58004598D3 /* BQView.m */ = {isa = PBXFileReference; fileEncoding = 4; lastKnownFileType = sourcecode.c.objc; path = BQView.m; sourceTree = "<group>"; };
/* End PBXFileReference section */

/* Begin PBXFrameworksBuildPhase section */
		76D99E6D18B33643004A9055 /* Frameworks */ = {
			isa = PBXFrameworksBuildPhase;
			buildActionMask = 2147483647;
			files = (
				76315D5F18E002B700199AFD /* libz.dylib in Frameworks */,
				76315D5D18E002AD00199AFD /* libxml2.dylib in Frameworks */,
				7615ECB518B346FF00F1E344 /* libBQDashboard.a in Frameworks */,
				76D99F1018B33757004A9055 /* libBQCore.a in Frameworks */,
				76315D5718E0027A00199AFD /* CFNetwork.framework in Frameworks */,
				76D99E7618B33643004A9055 /* CoreGraphics.framework in Frameworks */,
				76315D5B18E0029A00199AFD /* SystemConfiguration.framework in Frameworks */,
				76315D5918E0028E00199AFD /* MobileCoreServices.framework in Frameworks */,
				76D99E7818B33643004A9055 /* UIKit.framework in Frameworks */,
				76D99E7418B33643004A9055 /* Foundation.framework in Frameworks */,
			);
			runOnlyForDeploymentPostprocessing = 0;
		};
		76D99E8818B33643004A9055 /* Frameworks */ = {
			isa = PBXFrameworksBuildPhase;
			buildActionMask = 2147483647;
			files = (
				76D99E8D18B33643004A9055 /* XCTest.framework in Frameworks */,
				76D99E8F18B33643004A9055 /* UIKit.framework in Frameworks */,
				76D99E8E18B33643004A9055 /* Foundation.framework in Frameworks */,
			);
			runOnlyForDeploymentPostprocessing = 0;
		};
/* End PBXFrameworksBuildPhase section */

/* Begin PBXGroup section */
		042D213018E2CFC000E4354C /* controls */ = {
			isa = PBXGroup;
			children = (
				042D214A18E31EEC00E4354C /* Color.h */,
				042D214B18E31EEC00E4354C /* Color.m */,
				042D214418E31EC200E4354C /* TableViewItem.h */,
				042D214518E31EC200E4354C /* TableViewItem.m */,
				042D214618E31EC200E4354C /* TableViewSection.h */,
				042D214718E31EC200E4354C /* TableViewSection.m */,
				042D215918E320D800E4354C /* NavigationBarButton.h */,
				042D215A18E320D800E4354C /* NavigationBarButton.m */,
				042D213118E2CFC000E4354C /* MSSlidingPanelController.h */,
				042D213218E2CFC000E4354C /* MSSlidingPanelController.m */,
				042D213318E2CFC000E4354C /* MSViewControllerSlidingPanel.h */,
				042D213418E2CFC000E4354C /* MSViewControllerSlidingPanel.m */,
				042D214018E31E3100E4354C /* SidePanelViewController.h */,
				042D214118E31E3100E4354C /* SidePanelViewController.m */,
				042D214318E31E6C00E4354C /* TableViewDataSourceDelegate.h */,
			);
			name = controls;
			path = Controls;
			sourceTree = "<group>";
		};
		042D361418E3BF9200E4354C /* include */ = {
			isa = PBXGroup;
			children = (
				76F284DD18E7954E00976CF6 /* BQCore */,
				042D361F18E3BF9200E4354C /* BQDashboard */,
			);
			name = include;
			path = "../../Bin/BQMobile/Build/Products/Debug-iphoneos/include";
			sourceTree = "<group>";
		};
		042D361F18E3BF9200E4354C /* BQDashboard */ = {
			isa = PBXGroup;
			children = (
				042D362018E3BF9200E4354C /* BQDashboard.h */,
			);
			path = BQDashboard;
			sourceTree = "<group>";
		};
		76AC1E0D18C23B2A0063ED32 /* device */ = {
			isa = PBXGroup;
			children = (
				76AC1E2018C279980063ED32 /* BQLoginController.h */,
				76AC1E2118C279980063ED32 /* BQLoginController.m */,
				76B0E30418C2F24400C5C219 /* BQNavigationController.h */,
				76B0E30518C2F24400C5C219 /* BQNavigationController.m */,
				76B07C3D18D92C30000FA58B /* BQCommonUI.h */,
				76B07C3E18D92C30000FA58B /* BQCommonUI.m */,
				76B07C4018D93EA4000FA58B /* BQLoadView.h */,
				76B07C4118D93EA4000FA58B /* BQLoadView.m */,
				76FDF71718E3C0DF004598D3 /* BQAlertView.h */,
				76FDF71818E3C0DF004598D3 /* BQAlertView.m */,
				76FDF71D18E40A58004598D3 /* BQView.h */,
				76FDF71E18E40A58004598D3 /* BQView.m */,
			);
			path = device;
			sourceTree = "<group>";
		};
		76AC1E0E18C23B2A0063ED32 /* ipad */ = {
			isa = PBXGroup;
			children = (
				76AC1E1018C23B8A0063ED32 /* BQIpadLoginController.h */,
				76AC1E1118C23B8A0063ED32 /* BQIpadLoginController.m */,
				76AC1E1318C23CCB0063ED32 /* BQIpadLoginView.h */,
				76AC1E1418C23CCB0063ED32 /* BQIpadLoginView.m */,
				042D214D18E3206200E4354C /* BQNavigationViewController.h */,
				042D214E18E3206200E4354C /* BQNavigationViewController.m */,
				042D214F18E3206200E4354C /* BQLeftSidePanelViewController.h */,
				042D215018E3206200E4354C /* BQLeftSidePanelViewController.m */,
				042D215118E3206200E4354C /* BQLeftSidePanelViewModel.h */,
				042D215218E3206200E4354C /* BQLeftSidePanelViewModel.m */,
				042D215318E3206200E4354C /* BQIpadHomeViewController.h */,
				042D215418E3206200E4354C /* BQIpadHomeViewController.m */,
				042D366218E3F55400E4354C /* BQSettingPanelViewController.h */,
				042D366318E3F55400E4354C /* BQSettingPanelViewController.m */,
				76A7339C18E45B4A00DB6F8A /* BQAnalysisTopicController.h */,
				76A7339D18E45B4A00DB6F8A /* BQAnalysisTopicController.m */,
				76A7339F18E4622A00DB6F8A /* BQAnalysisTopicView.h */,
				76A733A018E4622A00DB6F8A /* BQAnalysisTopicView.m */,
				043B780E18E54D1E0024E51B /* BQContentViewController.h */,
				043B780F18E54D1E0024E51B /* BQContentViewController.m */,
				043B781118E5691C0024E51B /* BQTopicNavigationViewController.h */,
				043B781218E5691C0024E51B /* BQTopicNavigationViewController.m */,
				043B781418E56C4D0024E51B /* BQEventDispatchManager.h */,
				043B781518E56C4D0024E51B /* BQEventDispatchManager.m */,
				043B781718E8EE7E0024E51B /* BQFunctionViewController.h */,
				043B781818E8EE7F0024E51B /* BQFunctionViewController.m */,
				04D67B4118E903B40052CA60 /* BQCommonPanelViewController.h */,
				04D67B4218E903B40052CA60 /* BQCommonPanelViewController.m */,
			);
			path = ipad;
			sourceTree = "<group>";
		};
		76AC1E0F18C23B2A0063ED32 /* iphone */ = {
			isa = PBXGroup;
			children = (
			);
			path = iphone;
			sourceTree = "<group>";
		};
		76D99E6718B33643004A9055 = {
			isa = PBXGroup;
			children = (
				76D99E7918B33643004A9055 /* BQMobile */,
				76D99E9218B33644004A9055 /* BQMobileTests */,
				76D99E7218B33643004A9055 /* Frameworks */,
				76D99E7118B33643004A9055 /* Products */,
			);
			sourceTree = "<group>";
		};
		76D99E7118B33643004A9055 /* Products */ = {
			isa = PBXGroup;
			children = (
				76D99E7018B33643004A9055 /* BQMobile.app */,
				76D99E8B18B33643004A9055 /* BQMobileTests.xctest */,
			);
			name = Products;
			sourceTree = "<group>";
		};
		76D99E7218B33643004A9055 /* Frameworks */ = {
			isa = PBXGroup;
			children = (
				76315D5E18E002B700199AFD /* libz.dylib */,
				76315D5C18E002AD00199AFD /* libxml2.dylib */,
				76315D5A18E0029A00199AFD /* SystemConfiguration.framework */,
				76315D5818E0028E00199AFD /* MobileCoreServices.framework */,
				76315D5618E0027A00199AFD /* CFNetwork.framework */,
				7615ECB418B346FF00F1E344 /* libBQDashboard.a */,
				76D99F0F18B33757004A9055 /* libBQCore.a */,
				76D99E7318B33643004A9055 /* Foundation.framework */,
				76D99E7518B33643004A9055 /* CoreGraphics.framework */,
				76D99E7718B33643004A9055 /* UIKit.framework */,
				76D99E8C18B33643004A9055 /* XCTest.framework */,
			);
			name = Frameworks;
			sourceTree = "<group>";
		};
		76D99E7918B33643004A9055 /* BQMobile */ = {
			isa = PBXGroup;
			children = (
				042D361418E3BF9200E4354C /* include */,
				042D213018E2CFC000E4354C /* controls */,
				76AC1E0D18C23B2A0063ED32 /* device */,
				76F284CC18E6660900976CF6 /* components */,
				76AC1E0E18C23B2A0063ED32 /* ipad */,
				76AC1E0F18C23B2A0063ED32 /* iphone */,
				76D99E8218B33643004A9055 /* BQAppDelegate.h */,
				76D99E8318B33643004A9055 /* BQAppDelegate.m */,
				76D99E8518B33643004A9055 /* Images.xcassets */,
				76D99E7A18B33643004A9055 /* Supporting Files */,
			);
			path = BQMobile;
			sourceTree = "<group>";
		};
		76D99E7A18B33643004A9055 /* Supporting Files */ = {
			isa = PBXGroup;
			children = (
				76A733A218E463BF00DB6F8A /* Chart.bundle */,
				76B0E2FA18C2DEAA00C5C219 /* Style.bundle */,
				76B0E2FB18C2DEAA00C5C219 /* UFExpress.bundle */,
				76D99E7B18B33643004A9055 /* BQMobile-Info.plist */,
				76D99E7C18B33643004A9055 /* InfoPlist.strings */,
				76D99E7F18B33643004A9055 /* main.m */,
				76D99E8118B33643004A9055 /* BQMobile-Prefix.pch */,
				76234A6318C3851900FE3894 /* application.cfg */,
			);
			name = "Supporting Files";
			sourceTree = "<group>";
		};
		76D99E9218B33644004A9055 /* BQMobileTests */ = {
			isa = PBXGroup;
			children = (
				76D99E9818B33644004A9055 /* BQMobileTests.m */,
				76D99E9318B33644004A9055 /* Supporting Files */,
			);
			path = BQMobileTests;
			sourceTree = "<group>";
		};
		76D99E9318B33644004A9055 /* Supporting Files */ = {
			isa = PBXGroup;
			children = (
				76D99E9418B33644004A9055 /* BQMobileTests-Info.plist */,
				76D99E9518B33644004A9055 /* InfoPlist.strings */,
			);
			name = "Supporting Files";
			sourceTree = "<group>";
		};
		76F284CC18E6660900976CF6 /* components */ = {
			isa = PBXGroup;
			children = (
				76F284CD18E666BF00976CF6 /* BQComponentView.h */,
				76F284CE18E666BF00976CF6 /* BQComponentView.m */,
				76F284EB18E7F67400976CF6 /* BQTemplateResolver.h */,
				76F284EC18E7F67400976CF6 /* BQTemplateResolver.m */,
			);
			name = components;
			path = BQMobile/components;
			sourceTree = SOURCE_ROOT;
		};
		76F284DD18E7954E00976CF6 /* BQCore */ = {
			isa = PBXGroup;
			children = (
				76F284DE18E7954E00976CF6 /* BQContext.h */,
				76F284DF18E7954E00976CF6 /* BQCore.h */,
				76F284E018E7954E00976CF6 /* BQServerAccess.h */,
				76F284E118E7954E00976CF6 /* BQViewOperateModel.h */,
				76F284E218E7954E00976CF6 /* Common.h */,
				76F284E318E7954E00976CF6 /* ElTool.h */,
				76F284E418E7954E00976CF6 /* FSUtils.h */,
				76F284E518E7954F00976CF6 /* GDataXMLNode.h */,
				76F284E618E7954F00976CF6 /* PropertyUtils.h */,
				76F284E718E7954F00976CF6 /* WebUtils.h */,
				76B0D95F18E847A400D43C45 /* XMLUtils.h */,
			);
			path = BQCore;
			sourceTree = "<group>";
		};
/* End PBXGroup section */

/* Begin PBXNativeTarget section */
		76D99E6F18B33643004A9055 /* BQMobile */ = {
			isa = PBXNativeTarget;
			buildConfigurationList = 76D99E9C18B33644004A9055 /* Build configuration list for PBXNativeTarget "BQMobile" */;
			buildPhases = (
				76D99E6C18B33643004A9055 /* Sources */,
				76D99E6D18B33643004A9055 /* Frameworks */,
				76D99E6E18B33643004A9055 /* Resources */,
			);
			buildRules = (
			);
			dependencies = (
			);
			name = BQMobile;
			productName = BQMobile;
			productReference = 76D99E7018B33643004A9055 /* BQMobile.app */;
			productType = "com.apple.product-type.application";
		};
		76D99E8A18B33643004A9055 /* BQMobileTests */ = {
			isa = PBXNativeTarget;
			buildConfigurationList = 76D99E9F18B33644004A9055 /* Build configuration list for PBXNativeTarget "BQMobileTests" */;
			buildPhases = (
				76D99E8718B33643004A9055 /* Sources */,
				76D99E8818B33643004A9055 /* Frameworks */,
				76D99E8918B33643004A9055 /* Resources */,
			);
			buildRules = (
			);
			dependencies = (
				76D99E9118B33644004A9055 /* PBXTargetDependency */,
			);
			name = BQMobileTests;
			productName = BQMobileTests;
			productReference = 76D99E8B18B33643004A9055 /* BQMobileTests.xctest */;
			productType = "com.apple.product-type.bundle.unit-test";
		};
/* End PBXNativeTarget section */

/* Begin PBXProject section */
		76D99E6818B33643004A9055 /* Project object */ = {
			isa = PBXProject;
			attributes = {
				CLASSPREFIX = BQ;
				LastUpgradeCheck = 0500;
				ORGANIZATIONNAME = yonyou;
				TargetAttributes = {
					76D99E8A18B33643004A9055 = {
						TestTargetID = 76D99E6F18B33643004A9055;
					};
				};
			};
			buildConfigurationList = 76D99E6B18B33643004A9055 /* Build configuration list for PBXProject "BQMobile" */;
			compatibilityVersion = "Xcode 3.2";
			developmentRegion = English;
			hasScannedForEncodings = 0;
			knownRegions = (
				en,
			);
			mainGroup = 76D99E6718B33643004A9055;
			productRefGroup = 76D99E7118B33643004A9055 /* Products */;
			projectDirPath = "";
			projectRoot = "";
			targets = (
				76D99E6F18B33643004A9055 /* BQMobile */,
				76D99E8A18B33643004A9055 /* BQMobileTests */,
			);
		};
/* End PBXProject section */

/* Begin PBXResourcesBuildPhase section */
		76D99E6E18B33643004A9055 /* Resources */ = {
			isa = PBXResourcesBuildPhase;
			buildActionMask = 2147483647;
			files = (
				76A733A318E463BF00DB6F8A /* Chart.bundle in Resources */,
				76D99E7E18B33643004A9055 /* InfoPlist.strings in Resources */,
				76B0E2FD18C2DEAA00C5C219 /* UFExpress.bundle in Resources */,
				76D99E8618B33643004A9055 /* Images.xcassets in Resources */,
				76B0E2FC18C2DEAA00C5C219 /* Style.bundle in Resources */,
				76234A6418C3851900FE3894 /* application.cfg in Resources */,
			);
			runOnlyForDeploymentPostprocessing = 0;
		};
		76D99E8918B33643004A9055 /* Resources */ = {
			isa = PBXResourcesBuildPhase;
			buildActionMask = 2147483647;
			files = (
				76D99E9718B33644004A9055 /* InfoPlist.strings in Resources */,
			);
			runOnlyForDeploymentPostprocessing = 0;
		};
/* End PBXResourcesBuildPhase section */

/* Begin PBXSourcesBuildPhase section */
		76D99E6C18B33643004A9055 /* Sources */ = {
			isa = PBXSourcesBuildPhase;
			buildActionMask = 2147483647;
			files = (
				042D366418E3F55400E4354C /* BQSettingPanelViewController.m in Sources */,
				043B781918E8EE7F0024E51B /* BQFunctionViewController.m in Sources */,
				042D214918E31EC200E4354C /* TableViewSection.m in Sources */,
				042D215718E3206200E4354C /* BQLeftSidePanelViewModel.m in Sources */,
				042D214C18E31EEC00E4354C /* Color.m in Sources */,
				76A733A118E4622A00DB6F8A /* BQAnalysisTopicView.m in Sources */,
				76F284ED18E7F67400976CF6 /* BQTemplateResolver.m in Sources */,
				76F284CF18E666BF00976CF6 /* BQComponentView.m in Sources */,
				042D214218E31E3100E4354C /* SidePanelViewController.m in Sources */,
				76B0E30618C2F24400C5C219 /* BQNavigationController.m in Sources */,
				76AC1E2218C279980063ED32 /* BQLoginController.m in Sources */,
				76AC1E1218C23B8A0063ED32 /* BQIpadLoginController.m in Sources */,
				043B781318E5691C0024E51B /* BQTopicNavigationViewController.m in Sources */,
				76FDF71918E3C0DF004598D3 /* BQAlertView.m in Sources */,
				042D214818E31EC200E4354C /* TableViewItem.m in Sources */,
				042D213518E2CFC000E4354C /* MSSlidingPanelController.m in Sources */,
				76AC1E1518C23CCB0063ED32 /* BQIpadLoginView.m in Sources */,
				76B07C3F18D92C30000FA58B /* BQCommonUI.m in Sources */,
				76B07C4218D93EA4000FA58B /* BQLoadView.m in Sources */,
				042D215518E3206200E4354C /* BQNavigationViewController.m in Sources */,
				76D99E8018B33643004A9055 /* main.m in Sources */,
				042D215818E3206200E4354C /* BQIpadHomeViewController.m in Sources */,
				042D215B18E320D800E4354C /* NavigationBarButton.m in Sources */,
				042D213618E2CFC000E4354C /* MSViewControllerSlidingPanel.m in Sources */,
				76A7339E18E45B4A00DB6F8A /* BQAnalysisTopicController.m in Sources */,
				043B781018E54D1E0024E51B /* BQContentViewController.m in Sources */,
				04D67B4318E903B40052CA60 /* BQCommonPanelViewController.m in Sources */,
				042D215618E3206200E4354C /* BQLeftSidePanelViewController.m in Sources */,
				76D99E8418B33643004A9055 /* BQAppDelegate.m in Sources */,
				76FDF71F18E40A58004598D3 /* BQView.m in Sources */,
				043B781618E56C4D0024E51B /* BQEventDispatchManager.m in Sources */,
			);
			runOnlyForDeploymentPostprocessing = 0;
		};
		76D99E8718B33643004A9055 /* Sources */ = {
			isa = PBXSourcesBuildPhase;
			buildActionMask = 2147483647;
			files = (
				76D99E9918B33644004A9055 /* BQMobileTests.m in Sources */,
			);
			runOnlyForDeploymentPostprocessing = 0;
		};
/* End PBXSourcesBuildPhase section */

/* Begin PBXTargetDependency section */
		76D99E9118B33644004A9055 /* PBXTargetDependency */ = {
			isa = PBXTargetDependency;
			target = 76D99E6F18B33643004A9055 /* BQMobile */;
			targetProxy = 76D99E9018B33644004A9055 /* PBXContainerItemProxy */;
		};
/* End PBXTargetDependency section */

/* Begin PBXVariantGroup section */
		76D99E7C18B33643004A9055 /* InfoPlist.strings */ = {
			isa = PBXVariantGroup;
			children = (
				76D99E7D18B33643004A9055 /* en */,
			);
			name = InfoPlist.strings;
			sourceTree = "<group>";
		};
		76D99E9518B33644004A9055 /* InfoPlist.strings */ = {
			isa = PBXVariantGroup;
			children = (
				76D99E9618B33644004A9055 /* en */,
			);
			name = InfoPlist.strings;
			sourceTree = "<group>";
		};
/* End PBXVariantGroup section */

/* Begin XCBuildConfiguration section */
		76D99E9A18B33644004A9055 /* Debug */ = {
			isa = XCBuildConfiguration;
			buildSettings = {
				ALWAYS_SEARCH_USER_PATHS = NO;
				ARCHS = "$(ARCHS_STANDARD_INCLUDING_64_BIT)";
				CLANG_CXX_LANGUAGE_STANDARD = "gnu++0x";
				CLANG_CXX_LIBRARY = "libc++";
				CLANG_ENABLE_MODULES = YES;
				CLANG_ENABLE_OBJC_ARC = YES;
				CLANG_WARN_BOOL_CONVERSION = YES;
				CLANG_WARN_CONSTANT_CONVERSION = YES;
				CLANG_WARN_DIRECT_OBJC_ISA_USAGE = YES_ERROR;
				CLANG_WARN_EMPTY_BODY = YES;
				CLANG_WARN_ENUM_CONVERSION = YES;
				CLANG_WARN_INT_CONVERSION = YES;
				CLANG_WARN_OBJC_ROOT_CLASS = YES_ERROR;
				CLANG_WARN__DUPLICATE_METHOD_MATCH = YES;
				CODE_SIGN_IDENTITY = "iPhone Developer: sun zhenhai (RY3G2CZ2MS)";
				"CODE_SIGN_IDENTITY[sdk=iphoneos*]" = "iPhone Developer: sun zhenhai (RY3G2CZ2MS)";
				COPY_PHASE_STRIP = NO;
				GCC_C_LANGUAGE_STANDARD = gnu99;
				GCC_DYNAMIC_NO_PIC = NO;
				GCC_OPTIMIZATION_LEVEL = 0;
				GCC_PREPROCESSOR_DEFINITIONS = (
					"DEBUG=1",
					"$(inherited)",
				);
				GCC_SYMBOLS_PRIVATE_EXTERN = NO;
				GCC_WARN_64_TO_32_BIT_CONVERSION = YES;
				GCC_WARN_ABOUT_RETURN_TYPE = YES_ERROR;
				GCC_WARN_UNDECLARED_SELECTOR = YES;
				GCC_WARN_UNINITIALIZED_AUTOS = YES;
				GCC_WARN_UNUSED_FUNCTION = YES;
				GCC_WARN_UNUSED_VARIABLE = YES;
				IPHONEOS_DEPLOYMENT_TARGET = 5.1;
				ONLY_ACTIVE_ARCH = YES;
				SDKROOT = iphoneos;
				TARGETED_DEVICE_FAMILY = "1,2";
			};
			name = Debug;
		};
		76D99E9B18B33644004A9055 /* Release */ = {
			isa = XCBuildConfiguration;
			buildSettings = {
				ALWAYS_SEARCH_USER_PATHS = NO;
				ARCHS = "$(ARCHS_STANDARD_INCLUDING_64_BIT)";
				CLANG_CXX_LANGUAGE_STANDARD = "gnu++0x";
				CLANG_CXX_LIBRARY = "libc++";
				CLANG_ENABLE_MODULES = YES;
				CLANG_ENABLE_OBJC_ARC = YES;
				CLANG_WARN_BOOL_CONVERSION = YES;
				CLANG_WARN_CONSTANT_CONVERSION = YES;
				CLANG_WARN_DIRECT_OBJC_ISA_USAGE = YES_ERROR;
				CLANG_WARN_EMPTY_BODY = YES;
				CLANG_WARN_ENUM_CONVERSION = YES;
				CLANG_WARN_INT_CONVERSION = YES;
				CLANG_WARN_OBJC_ROOT_CLASS = YES_ERROR;
				CLANG_WARN__DUPLICATE_METHOD_MATCH = YES;
				CODE_SIGN_IDENTITY = "iPhone Developer: sun zhenhai (RY3G2CZ2MS)";
				"CODE_SIGN_IDENTITY[sdk=iphoneos*]" = "iPhone Developer: sun zhenhai (RY3G2CZ2MS)";
				COPY_PHASE_STRIP = YES;
				ENABLE_NS_ASSERTIONS = NO;
				GCC_C_LANGUAGE_STANDARD = gnu99;
				GCC_WARN_64_TO_32_BIT_CONVERSION = YES;
				GCC_WARN_ABOUT_RETURN_TYPE = YES_ERROR;
				GCC_WARN_UNDECLARED_SELECTOR = YES;
				GCC_WARN_UNINITIALIZED_AUTOS = YES;
				GCC_WARN_UNUSED_FUNCTION = YES;
				GCC_WARN_UNUSED_VARIABLE = YES;
				IPHONEOS_DEPLOYMENT_TARGET = 5.1;
				SDKROOT = iphoneos;
				TARGETED_DEVICE_FAMILY = "1,2";
				VALIDATE_PRODUCT = YES;
			};
			name = Release;
		};
		76D99E9D18B33644004A9055 /* Debug */ = {
			isa = XCBuildConfiguration;
			buildSettings = {
				ASSETCATALOG_COMPILER_APPICON_NAME = AppIcon;
				ASSETCATALOG_COMPILER_LAUNCHIMAGE_NAME = LaunchImage;
				CODE_SIGN_IDENTITY = "iPhone Distribution";
				GCC_PRECOMPILE_PREFIX_HEADER = YES;
				GCC_PREFIX_HEADER = "BQMobile/BQMobile-Prefix.pch";
				HEADER_SEARCH_PATHS = (
					"$(inherited)",
					/Applications/Xcode.app/Contents/Developer/Toolchains/XcodeDefault.xctoolchain/usr/include,
					/usr/include/libxml2,
				);
				INFOPLIST_FILE = "BQMobile/BQMobile-Info.plist";
				LIBRARY_SEARCH_PATHS = (
					"$(inherited)",
					"/Users/panbasten/Desktop/WorkSpace/a/Bin/BQMobile/Build/Products/Debug-iphoneos",
				);
				PRODUCT_NAME = "$(TARGET_NAME)";
				WRAPPER_EXTENSION = app;
			};
			name = Debug;
		};
		76D99E9E18B33644004A9055 /* Release */ = {
			isa = XCBuildConfiguration;
			buildSettings = {
				ASSETCATALOG_COMPILER_APPICON_NAME = AppIcon;
				ASSETCATALOG_COMPILER_LAUNCHIMAGE_NAME = LaunchImage;
				CODE_SIGN_IDENTITY = "iPhone Distribution";
				"CODE_SIGN_IDENTITY[sdk=*]" = "iPhone Distribution";
				GCC_PRECOMPILE_PREFIX_HEADER = YES;
				GCC_PREFIX_HEADER = "BQMobile/BQMobile-Prefix.pch";
				HEADER_SEARCH_PATHS = (
					"$(inherited)",
					/Applications/Xcode.app/Contents/Developer/Toolchains/XcodeDefault.xctoolchain/usr/include,
					/usr/include/libxml2,
				);
				INFOPLIST_FILE = "BQMobile/BQMobile-Info.plist";
				LIBRARY_SEARCH_PATHS = (
					"$(inherited)",
					"/Users/panbasten/Desktop/WorkSpace/a/Bin/BQMobile/Build/Products/Debug-iphoneos",
				);
				PRODUCT_NAME = "$(TARGET_NAME)";
				WRAPPER_EXTENSION = app;
			};
			name = Release;
		};
		76D99EA018B33644004A9055 /* Debug */ = {
			isa = XCBuildConfiguration;
			buildSettings = {
				ARCHS = "$(ARCHS_STANDARD_INCLUDING_64_BIT)";
				BUNDLE_LOADER = "$(BUILT_PRODUCTS_DIR)/BQMobile.app/BQMobile";
				FRAMEWORK_SEARCH_PATHS = (
					"$(SDKROOT)/Developer/Library/Frameworks",
					"$(inherited)",
					"$(DEVELOPER_FRAMEWORKS_DIR)",
				);
				GCC_PRECOMPILE_PREFIX_HEADER = YES;
				GCC_PREFIX_HEADER = "BQMobile/BQMobile-Prefix.pch";
				GCC_PREPROCESSOR_DEFINITIONS = (
					"DEBUG=1",
					"$(inherited)",
				);
				INFOPLIST_FILE = "BQMobileTests/BQMobileTests-Info.plist";
				PRODUCT_NAME = "$(TARGET_NAME)";
				TEST_HOST = "$(BUNDLE_LOADER)";
				WRAPPER_EXTENSION = xctest;
			};
			name = Debug;
		};
		76D99EA118B33644004A9055 /* Release */ = {
			isa = XCBuildConfiguration;
			buildSettings = {
				ARCHS = "$(ARCHS_STANDARD_INCLUDING_64_BIT)";
				BUNDLE_LOADER = "$(BUILT_PRODUCTS_DIR)/BQMobile.app/BQMobile";
				FRAMEWORK_SEARCH_PATHS = (
					"$(SDKROOT)/Developer/Library/Frameworks",
					"$(inherited)",
					"$(DEVELOPER_FRAMEWORKS_DIR)",
				);
				GCC_PRECOMPILE_PREFIX_HEADER = YES;
				GCC_PREFIX_HEADER = "BQMobile/BQMobile-Prefix.pch";
				INFOPLIST_FILE = "BQMobileTests/BQMobileTests-Info.plist";
				PRODUCT_NAME = "$(TARGET_NAME)";
				TEST_HOST = "$(BUNDLE_LOADER)";
				WRAPPER_EXTENSION = xctest;
			};
			name = Release;
		};
		76D99F1F18B339E9004A9055 /* Distribution */ = {
			isa = XCBuildConfiguration;
			buildSettings = {
				ALWAYS_SEARCH_USER_PATHS = NO;
				ARCHS = "$(ARCHS_STANDARD_INCLUDING_64_BIT)";
				CLANG_CXX_LANGUAGE_STANDARD = "gnu++0x";
				CLANG_CXX_LIBRARY = "libc++";
				CLANG_ENABLE_MODULES = YES;
				CLANG_ENABLE_OBJC_ARC = YES;
				CLANG_WARN_BOOL_CONVERSION = YES;
				CLANG_WARN_CONSTANT_CONVERSION = YES;
				CLANG_WARN_DIRECT_OBJC_ISA_USAGE = YES_ERROR;
				CLANG_WARN_EMPTY_BODY = YES;
				CLANG_WARN_ENUM_CONVERSION = YES;
				CLANG_WARN_INT_CONVERSION = YES;
				CLANG_WARN_OBJC_ROOT_CLASS = YES_ERROR;
				CLANG_WARN__DUPLICATE_METHOD_MATCH = YES;
				CODE_SIGN_IDENTITY = "iPhone Distribution: UFIDA Software Co., Ltd";
				"CODE_SIGN_IDENTITY[sdk=iphoneos*]" = "iPhone Distribution: UFIDA Software Co., Ltd";
				COPY_PHASE_STRIP = YES;
				ENABLE_NS_ASSERTIONS = NO;
				GCC_C_LANGUAGE_STANDARD = gnu99;
				GCC_WARN_64_TO_32_BIT_CONVERSION = YES;
				GCC_WARN_ABOUT_RETURN_TYPE = YES_ERROR;
				GCC_WARN_UNDECLARED_SELECTOR = YES;
				GCC_WARN_UNINITIALIZED_AUTOS = YES;
				GCC_WARN_UNUSED_FUNCTION = YES;
				GCC_WARN_UNUSED_VARIABLE = YES;
				IPHONEOS_DEPLOYMENT_TARGET = 5.1;
				SDKROOT = iphoneos;
				TARGETED_DEVICE_FAMILY = "1,2";
				VALIDATE_PRODUCT = YES;
			};
			name = Distribution;
		};
		76D99F2018B339E9004A9055 /* Distribution */ = {
			isa = XCBuildConfiguration;
			buildSettings = {
				ASSETCATALOG_COMPILER_APPICON_NAME = AppIcon;
				ASSETCATALOG_COMPILER_LAUNCHIMAGE_NAME = LaunchImage;
				CODE_SIGN_IDENTITY = "iPhone Distribution";
				"CODE_SIGN_IDENTITY[sdk=*]" = "iPhone Distribution";
				GCC_PRECOMPILE_PREFIX_HEADER = YES;
				GCC_PREFIX_HEADER = "BQMobile/BQMobile-Prefix.pch";
				HEADER_SEARCH_PATHS = (
					"$(inherited)",
					/Applications/Xcode.app/Contents/Developer/Toolchains/XcodeDefault.xctoolchain/usr/include,
					/usr/include/libxml2,
				);
				INFOPLIST_FILE = "BQMobile/BQMobile-Info.plist";
				LIBRARY_SEARCH_PATHS = (
					"$(inherited)",
					"/Users/panbasten/Desktop/WorkSpace/a/Bin/BQMobile/Build/Products/Debug-iphoneos",
				);
				PRODUCT_NAME = "$(TARGET_NAME)";
				WRAPPER_EXTENSION = app;
			};
			name = Distribution;
		};
		76D99F2118B339E9004A9055 /* Distribution */ = {
			isa = XCBuildConfiguration;
			buildSettings = {
				ARCHS = "$(ARCHS_STANDARD_INCLUDING_64_BIT)";
				BUNDLE_LOADER = "$(BUILT_PRODUCTS_DIR)/BQMobile.app/BQMobile";
				FRAMEWORK_SEARCH_PATHS = (
					"$(SDKROOT)/Developer/Library/Frameworks",
					"$(inherited)",
					"$(DEVELOPER_FRAMEWORKS_DIR)",
				);
				GCC_PRECOMPILE_PREFIX_HEADER = YES;
				GCC_PREFIX_HEADER = "BQMobile/BQMobile-Prefix.pch";
				INFOPLIST_FILE = "BQMobileTests/BQMobileTests-Info.plist";
				PRODUCT_NAME = "$(TARGET_NAME)";
				TEST_HOST = "$(BUNDLE_LOADER)";
				WRAPPER_EXTENSION = xctest;
			};
			name = Distribution;
		};
/* End XCBuildConfiguration section */

/* Begin XCConfigurationList section */
		76D99E6B18B33643004A9055 /* Build configuration list for PBXProject "BQMobile" */ = {
			isa = XCConfigurationList;
			buildConfigurations = (
				76D99E9A18B33644004A9055 /* Debug */,
				76D99E9B18B33644004A9055 /* Release */,
				76D99F1F18B339E9004A9055 /* Distribution */,
			);
			defaultConfigurationIsVisible = 0;
			defaultConfigurationName = Release;
		};
		76D99E9C18B33644004A9055 /* Build configuration list for PBXNativeTarget "BQMobile" */ = {
			isa = XCConfigurationList;
			buildConfigurations = (
				76D99E9D18B33644004A9055 /* Debug */,
				76D99E9E18B33644004A9055 /* Release */,
				76D99F2018B339E9004A9055 /* Distribution */,
			);
			defaultConfigurationIsVisible = 0;
			defaultConfigurationName = Release;
		};
		76D99E9F18B33644004A9055 /* Build configuration list for PBXNativeTarget "BQMobileTests" */ = {
			isa = XCConfigurationList;
			buildConfigurations = (
				76D99EA018B33644004A9055 /* Debug */,
				76D99EA118B33644004A9055 /* Release */,
				76D99F2118B339E9004A9055 /* Distribution */,
			);
			defaultConfigurationIsVisible = 0;
			defaultConfigurationName = Release;
		};
/* End XCConfigurationList section */
	};
	rootObject = 76D99E6818B33643004A9055 /* Project object */;
}
